// !$*UTF8*$!
{
	archiveVersion = 1;
	classes = {
	};
	objectVersion = 46;
	objects = {

/* Begin PBXBuildFile section */
		B8B80EB81BF3067200CF4BB3 /* AppDelegate.swift in Sources */ = {isa = PBXBuildFile; fileRef = B8B80EB71BF3067200CF4BB3 /* AppDelegate.swift */; };
		B8B80EBA1BF3067200CF4BB3 /* ViewController.swift in Sources */ = {isa = PBXBuildFile; fileRef = B8B80EB91BF3067200CF4BB3 /* ViewController.swift */; };
		B8B80EBD1BF3067200CF4BB3 /* Main.storyboard in Resources */ = {isa = PBXBuildFile; fileRef = B8B80EBB1BF3067200CF4BB3 /* Main.storyboard */; };
		B8B80EC01BF3067200CF4BB3 /* test123123.xcdatamodeld in Sources */ = {isa = PBXBuildFile; fileRef = B8B80EBE1BF3067200CF4BB3 /* test123123.xcdatamodeld */; };
		B8B80EC21BF3067200CF4BB3 /* Assets.xcassets in Resources */ = {isa = PBXBuildFile; fileRef = B8B80EC11BF3067200CF4BB3 /* Assets.xcassets */; };
		B8B80EC51BF3067200CF4BB3 /* LaunchScreen.storyboard in Resources */ = {isa = PBXBuildFile; fileRef = B8B80EC31BF3067200CF4BB3 /* LaunchScreen.storyboard */; };
		B8B80ED01BF3067200CF4BB3 /* test123123Tests.swift in Sources */ = {isa = PBXBuildFile; fileRef = B8B80ECF1BF3067200CF4BB3 /* test123123Tests.swift */; };
		B8B80EDB1BF3067200CF4BB3 /* test123123UITests.swift in Sources */ = {isa = PBXBuildFile; fileRef = B8B80EDA1BF3067200CF4BB3 /* test123123UITests.swift */; };
		B8B80EEA1BF3069800CF4BB3 /* PieVC.swift in Sources */ = {isa = PBXBuildFile; fileRef = B8B80EE81BF3069800CF4BB3 /* PieVC.swift */; };
		B8B80EEB1BF3069800CF4BB3 /* PieVC.xib in Resources */ = {isa = PBXBuildFile; fileRef = B8B80EE91BF3069800CF4BB3 /* PieVC.xib */; };
		B8B80EF01BF306D400CF4BB3 /* PizzaVC.swift in Sources */ = {isa = PBXBuildFile; fileRef = B8B80EEE1BF306D400CF4BB3 /* PizzaVC.swift */; };
		B8B80EF11BF306D400CF4BB3 /* PizzaVC.xib in Resources */ = {isa = PBXBuildFile; fileRef = B8B80EEF1BF306D400CF4BB3 /* PizzaVC.xib */; };
/* End PBXBuildFile section */

/* Begin PBXContainerItemProxy section */
		B8B80ECC1BF3067200CF4BB3 /* PBXContainerItemProxy */ = {
			isa = PBXContainerItemProxy;
			containerPortal = B8B80EAC1BF3067200CF4BB3 /* Project object */;
			proxyType = 1;
			remoteGlobalIDString = B8B80EB31BF3067200CF4BB3;
			remoteInfo = test123123;
		};
		B8B80ED71BF3067200CF4BB3 /* PBXContainerItemProxy */ = {
			isa = PBXContainerItemProxy;
			containerPortal = B8B80EAC1BF3067200CF4BB3 /* Project object */;
			proxyType = 1;
			remoteGlobalIDString = B8B80EB31BF3067200CF4BB3;
			remoteInfo = test123123;
		};
/* End PBXContainerItemProxy section */

/* Begin PBXFileReference section */
		B8B80EB41BF3067200CF4BB3 /* test123123.app */ = {isa = PBXFileReference; explicitFileType = wrapper.application; includeInIndex = 0; path = test123123.app; sourceTree = BUILT_PRODUCTS_DIR; };
		B8B80EB71BF3067200CF4BB3 /* AppDelegate.swift */ = {isa = PBXFileReference; lastKnownFileType = sourcecode.swift; path = AppDelegate.swift; sourceTree = "<group>"; };
		B8B80EB91BF3067200CF4BB3 /* ViewController.swift */ = {isa = PBXFileReference; lastKnownFileType = sourcecode.swift; path = ViewController.swift; sourceTree = "<group>"; };
		B8B80EBC1BF3067200CF4BB3 /* Base */ = {isa = PBXFileReference; lastKnownFileType = file.storyboard; name = Base; path = Base.lproj/Main.storyboard; sourceTree = "<group>"; };
		B8B80EBF1BF3067200CF4BB3 /* test123123.xcdatamodel */ = {isa = PBXFileReference; lastKnownFileType = wrapper.xcdatamodel; path = test123123.xcdatamodel; sourceTree = "<group>"; };
		B8B80EC11BF3067200CF4BB3 /* Assets.xcassets */ = {isa = PBXFileReference; lastKnownFileType = folder.assetcatalog; path = Assets.xcassets; sourceTree = "<group>"; };
		B8B80EC41BF3067200CF4BB3 /* Base */ = {isa = PBXFileReference; lastKnownFileType = file.storyboard; name = Base; path = Base.lproj/LaunchScreen.storyboard; sourceTree = "<group>"; };
		B8B80EC61BF3067200CF4BB3 /* Info.plist */ = {isa = PBXFileReference; lastKnownFileType = text.plist.xml; path = Info.plist; sourceTree = "<group>"; };
		B8B80ECB1BF3067200CF4BB3 /* test123123Tests.xctest */ = {isa = PBXFileReference; explicitFileType = wrapper.cfbundle; includeInIndex = 0; path = test123123Tests.xctest; sourceTree = BUILT_PRODUCTS_DIR; };
		B8B80ECF1BF3067200CF4BB3 /* test123123Tests.swift */ = {isa = PBXFileReference; lastKnownFileType = sourcecode.swift; path = test123123Tests.swift; sourceTree = "<group>"; };
		B8B80ED11BF3067200CF4BB3 /* Info.plist */ = {isa = PBXFileReference; lastKnownFileType = text.plist.xml; path = Info.plist; sourceTree = "<group>"; };
		B8B80ED61BF3067200CF4BB3 /* test123123UITests.xctest */ = {isa = PBXFileReference; explicitFileType = wrapper.cfbundle; includeInIndex = 0; path = test123123UITests.xctest; sourceTree = BUILT_PRODUCTS_DIR; };
		B8B80EDA1BF3067200CF4BB3 /* test123123UITests.swift */ = {isa = PBXFileReference; lastKnownFileType = sourcecode.swift; path = test123123UITests.swift; sourceTree = "<group>"; };
		B8B80EDC1BF3067200CF4BB3 /* Info.plist */ = {isa = PBXFileReference; lastKnownFileType = text.plist.xml; path = Info.plist; sourceTree = "<group>"; };
		B8B80EE81BF3069800CF4BB3 /* PieVC.swift */ = {isa = PBXFileReference; fileEncoding = 4; lastKnownFileType = sourcecode.swift; path = PieVC.swift; sourceTree = "<group>"; };
		B8B80EE91BF3069800CF4BB3 /* PieVC.xib */ = {isa = PBXFileReference; fileEncoding = 4; lastKnownFileType = file.xib; path = PieVC.xib; sourceTree = "<group>"; };
		B8B80EEE1BF306D400CF4BB3 /* PizzaVC.swift */ = {isa = PBXFileReference; fileEncoding = 4; lastKnownFileType = sourcecode.swift; name = PizzaVC.swift; path = ../PizzaVC.swift; sourceTree = "<group>"; };
		B8B80EEF1BF306D400CF4BB3 /* PizzaVC.xib */ = {isa = PBXFileReference; fileEncoding = 4; lastKnownFileType = file.xib; name = PizzaVC.xib; path = ../PizzaVC.xib; sourceTree = "<group>"; };
/* End PBXFileReference section */

/* Begin PBXFrameworksBuildPhase section */
		B8B80EB11BF3067200CF4BB3 /* Frameworks */ = {
			isa = PBXFrameworksBuildPhase;
			buildActionMask = 2147483647;
			files = (
			);
			runOnlyForDeploymentPostprocessing = 0;
		};
		B8B80EC81BF3067200CF4BB3 /* Frameworks */ = {
			isa = PBXFrameworksBuildPhase;
			buildActionMask = 2147483647;
			files = (
			);
			runOnlyForDeploymentPostprocessing = 0;
		};
		B8B80ED31BF3067200CF4BB3 /* Frameworks */ = {
			isa = PBXFrameworksBuildPhase;
			buildActionMask = 2147483647;
			files = (
			);
			runOnlyForDeploymentPostprocessing = 0;
		};
/* End PBXFrameworksBuildPhase section */

/* Begin PBXGroup section */
		B8B80EAB1BF3067200CF4BB3 = {
			isa = PBXGroup;
			children = (
				B8B80EB61BF3067200CF4BB3 /* test123123 */,
				B8B80ECE1BF3067200CF4BB3 /* test123123Tests */,
				B8B80ED91BF3067200CF4BB3 /* test123123UITests */,
				B8B80EB51BF3067200CF4BB3 /* Products */,
			);
			sourceTree = "<group>";
		};
		B8B80EB51BF3067200CF4BB3 /* Products */ = {
			isa = PBXGroup;
			children = (
				B8B80EB41BF3067200CF4BB3 /* test123123.app */,
				B8B80ECB1BF3067200CF4BB3 /* test123123Tests.xctest */,
				B8B80ED61BF3067200CF4BB3 /* test123123UITests.xctest */,
			);
			name = Products;
			sourceTree = "<group>";
		};
		B8B80EB61BF3067200CF4BB3 /* test123123 */ = {
			isa = PBXGroup;
			children = (
				B8B80EEE1BF306D400CF4BB3 /* PizzaVC.swift */,
				B8B80EEF1BF306D400CF4BB3 /* PizzaVC.xib */,
				B8B80EB71BF3067200CF4BB3 /* AppDelegate.swift */,
				B8B80EB91BF3067200CF4BB3 /* ViewController.swift */,
				B8B80EBB1BF3067200CF4BB3 /* Main.storyboard */,
				B8B80EC11BF3067200CF4BB3 /* Assets.xcassets */,
				B8B80EC31BF3067200CF4BB3 /* LaunchScreen.storyboard */,
				B8B80EC61BF3067200CF4BB3 /* Info.plist */,
				B8B80EBE1BF3067200CF4BB3 /* test123123.xcdatamodeld */,
				B8B80EE81BF3069800CF4BB3 /* PieVC.swift */,
				B8B80EE91BF3069800CF4BB3 /* PieVC.xib */,
			);
			path = test123123;
			sourceTree = "<group>";
		};
		B8B80ECE1BF3067200CF4BB3 /* test123123Tests */ = {
			isa = PBXGroup;
			children = (
				B8B80ECF1BF3067200CF4BB3 /* test123123Tests.swift */,
				B8B80ED11BF3067200CF4BB3 /* Info.plist */,
			);
			path = test123123Tests;
			sourceTree = "<group>";
		};
		B8B80ED91BF3067200CF4BB3 /* test123123UITests */ = {
			isa = PBXGroup;
			children = (
				B8B80EDA1BF3067200CF4BB3 /* test123123UITests.swift */,
				B8B80EDC1BF3067200CF4BB3 /* Info.plist */,
			);
			path = test123123UITests;
			sourceTree = "<group>";
		};
/* End PBXGroup section */

/* Begin PBXNativeTarget section */
		B8B80EB31BF3067200CF4BB3 /* test123123 */ = {
			isa = PBXNativeTarget;
			buildConfigurationList = B8B80EDF1BF3067200CF4BB3 /* Build configuration list for PBXNativeTarget "test123123" */;
			buildPhases = (
				B8B80EB01BF3067200CF4BB3 /* Sources */,
				B8B80EB11BF3067200CF4BB3 /* Frameworks */,
				B8B80EB21BF3067200CF4BB3 /* Resources */,
			);
			buildRules = (
			);
			dependencies = (
			);
			name = test123123;
			productName = test123123;
			productReference = B8B80EB41BF3067200CF4BB3 /* test123123.app */;
			productType = "com.apple.product-type.application";
		};
		B8B80ECA1BF3067200CF4BB3 /* test123123Tests */ = {
			isa = PBXNativeTarget;
			buildConfigurationList = B8B80EE21BF3067200CF4BB3 /* Build configuration list for PBXNativeTarget "test123123Tests" */;
			buildPhases = (
				B8B80EC71BF3067200CF4BB3 /* Sources */,
				B8B80EC81BF3067200CF4BB3 /* Frameworks */,
				B8B80EC91BF3067200CF4BB3 /* Resources */,
			);
			buildRules = (
			);
			dependencies = (
				B8B80ECD1BF3067200CF4BB3 /* PBXTargetDependency */,
			);
			name = test123123Tests;
			productName = test123123Tests;
			productReference = B8B80ECB1BF3067200CF4BB3 /* test123123Tests.xctest */;
			productType = "com.apple.product-type.bundle.unit-test";
		};
		B8B80ED51BF3067200CF4BB3 /* test123123UITests */ = {
			isa = PBXNativeTarget;
			buildConfigurationList = B8B80EE51BF3067200CF4BB3 /* Build configuration list for PBXNativeTarget "test123123UITests" */;
			buildPhases = (
				B8B80ED21BF3067200CF4BB3 /* Sources */,
				B8B80ED31BF3067200CF4BB3 /* Frameworks */,
				B8B80ED41BF3067200CF4BB3 /* Resources */,
			);
			buildRules = (
			);
			dependencies = (
				B8B80ED81BF3067200CF4BB3 /* PBXTargetDependency */,
			);
			name = test123123UITests;
			productName = test123123UITests;
			productReference = B8B80ED61BF3067200CF4BB3 /* test123123UITests.xctest */;
			productType = "com.apple.product-type.bundle.ui-testing";
		};
/* End PBXNativeTarget section */

/* Begin PBXProject section */
		B8B80EAC1BF3067200CF4BB3 /* Project object */ = {
			isa = PBXProject;
			attributes = {
				LastSwiftUpdateCheck = 0710;
				LastUpgradeCheck = 0710;
				ORGANIZATIONNAME = "Tim Nuwin";
				TargetAttributes = {
					B8B80EB31BF3067200CF4BB3 = {
						CreatedOnToolsVersion = 7.1.1;
					};
					B8B80ECA1BF3067200CF4BB3 = {
						CreatedOnToolsVersion = 7.1.1;
						TestTargetID = B8B80EB31BF3067200CF4BB3;
					};
					B8B80ED51BF3067200CF4BB3 = {
						CreatedOnToolsVersion = 7.1.1;
						TestTargetID = B8B80EB31BF3067200CF4BB3;
					};
				};
			};
			buildConfigurationList = B8B80EAF1BF3067200CF4BB3 /* Build configuration list for PBXProject "test123123" */;
			compatibilityVersion = "Xcode 3.2";
			developmentRegion = English;
			hasScannedForEncodings = 0;
			knownRegions = (
				en,
				Base,
			);
			mainGroup = B8B80EAB1BF3067200CF4BB3;
			productRefGroup = B8B80EB51BF3067200CF4BB3 /* Products */;
			projectDirPath = "";
			projectRoot = "";
			targets = (
				B8B80EB31BF3067200CF4BB3 /* test123123 */,
				B8B80ECA1BF3067200CF4BB3 /* test123123Tests */,
				B8B80ED51BF3067200CF4BB3 /* test123123UITests */,
			);
		};
/* End PBXProject section */

/* Begin PBXResourcesBuildPhase section */
		B8B80EB21BF3067200CF4BB3 /* Resources */ = {
			isa = PBXResourcesBuildPhase;
			buildActionMask = 2147483647;
			files = (
				B8B80EC51BF3067200CF4BB3 /* LaunchScreen.storyboard in Resources */,
				B8B80EEB1BF3069800CF4BB3 /* PieVC.xib in Resources */,
				B8B80EF11BF306D400CF4BB3 /* PizzaVC.xib in Resources */,
				B8B80EC21BF3067200CF4BB3 /* Assets.xcassets in Resources */,
				B8B80EBD1BF3067200CF4BB3 /* Main.storyboard in Resources */,
			);
			runOnlyForDeploymentPostprocessing = 0;
		};
		B8B80EC91BF3067200CF4BB3 /* Resources */ = {
			isa = PBXResourcesBuildPhase;
			buildActionMask = 2147483647;
			files = (
			);
			runOnlyForDeploymentPostprocessing = 0;
		};
		B8B80ED41BF3067200CF4BB3 /* Resources */ = {
			isa = PBXResourcesBuildPhase;
			buildActionMask = 2147483647;
			files = (
			);
			runOnlyForDeploymentPostprocessing = 0;
		};
/* End PBXResourcesBuildPhase section */

/* Begin PBXSourcesBuildPhase section */
		B8B80EB01BF3067200CF4BB3 /* Sources */ = {
			isa = PBXSourcesBuildPhase;
			buildActionMask = 2147483647;
			files = (
				B8B80EBA1BF3067200CF4BB3 /* ViewController.swift in Sources */,
				B8B80EEA1BF3069800CF4BB3 /* PieVC.swift in Sources */,
				B8B80EB81BF3067200CF4BB3 /* AppDelegate.swift in Sources */,
				B8B80EC01BF3067200CF4BB3 /* test123123.xcdatamodeld in Sources */,
				B8B80EF01BF306D400CF4BB3 /* PizzaVC.swift in Sources */,
			);
			runOnlyForDeploymentPostprocessing = 0;
		};
		B8B80EC71BF3067200CF4BB3 /* Sources */ = {
			isa = PBXSourcesBuildPhase;
			buildActionMask = 2147483647;
			files = (
				B8B80ED01BF3067200CF4BB3 /* test123123Tests.swift in Sources */,
			);
			runOnlyForDeploymentPostprocessing = 0;
		};
		B8B80ED21BF3067200CF4BB3 /* Sources */ = {
			isa = PBXSourcesBuildPhase;
			buildActionMask = 2147483647;
			files = (
				B8B80EDB1BF3067200CF4BB3 /* test123123UITests.swift in Sources */,
			);
			runOnlyForDeploymentPostprocessing = 0;
		};
/* End PBXSourcesBuildPhase section */

/* Begin PBXTargetDependency section */
		B8B80ECD1BF3067200CF4BB3 /* PBXTargetDependency */ = {
			isa = PBXTargetDependency;
			target = B8B80EB31BF3067200CF4BB3 /* test123123 */;
			targetProxy = B8B80ECC1BF3067200CF4BB3 /* PBXContainerItemProxy */;
		};
		B8B80ED81BF3067200CF4BB3 /* PBXTargetDependency */ = {
			isa = PBXTargetDependency;
			target = B8B80EB31BF3067200CF4BB3 /* test123123 */;
			targetProxy = B8B80ED71BF3067200CF4BB3 /* PBXContainerItemProxy */;
		};
/* End PBXTargetDependency section */

/* Begin PBXVariantGroup section */
		B8B80EBB1BF3067200CF4BB3 /* Main.storyboard */ = {
			isa = PBXVariantGroup;
			children = (
				B8B80EBC1BF3067200CF4BB3 /* Base */,
			);
			name = Main.storyboard;
			sourceTree = "<group>";
		};
		B8B80EC31BF3067200CF4BB3 /* LaunchScreen.storyboard */ = {
			isa = PBXVariantGroup;
			children = (
				B8B80EC41BF3067200CF4BB3 /* Base */,
			);
			name = LaunchScreen.storyboard;
			sourceTree = "<group>";
		};
/* End PBXVariantGroup section */

/* Begin XCBuildConfiguration section */
		B8B80EDD1BF3067200CF4BB3 /* Debug */ = {
			isa = XCBuildConfiguration;
			buildSettings = {
				ALWAYS_SEARCH_USER_PATHS = NO;
				CLANG_CXX_LANGUAGE_STANDARD = "gnu++0x";
				CLANG_CXX_LIBRARY = "libc++";
				CLANG_ENABLE_MODULES = YES;
				CLANG_ENABLE_OBJC_ARC = YES;
				CLANG_WARN_BOOL_CONVERSION = YES;
				CLANG_WARN_CONSTANT_CONVERSION = YES;
				CLANG_WARN_DIRECT_OBJC_ISA_USAGE = YES_ERROR;
				CLANG_WARN_EMPTY_BODY = YES;
				CLANG_WARN_ENUM_CONVERSION = YES;
				CLANG_WARN_INT_CONVERSION = YES;
				CLANG_WARN_OBJC_ROOT_CLASS = YES_ERROR;
				CLANG_WARN_UNREACHABLE_CODE = YES;
				CLANG_WARN__DUPLICATE_METHOD_MATCH = YES;
				"CODE_SIGN_IDENTITY[sdk=iphoneos*]" = "iPhone Developer";
				COPY_PHASE_STRIP = NO;
				DEBUG_INFORMATION_FORMAT = dwarf;
				ENABLE_STRICT_OBJC_MSGSEND = YES;
				ENABLE_TESTABILITY = YES;
				GCC_C_LANGUAGE_STANDARD = gnu99;
				GCC_DYNAMIC_NO_PIC = NO;
				GCC_NO_COMMON_BLOCKS = YES;
				GCC_OPTIMIZATION_LEVEL = 0;
				GCC_PREPROCESSOR_DEFINITIONS = (
					"DEBUG=1",
					"$(inherited)",
				);
				GCC_WARN_64_TO_32_BIT_CONVERSION = YES;
				GCC_WARN_ABOUT_RETURN_TYPE = YES_ERROR;
				GCC_WARN_UNDECLARED_SELECTOR = YES;
				GCC_WARN_UNINITIALIZED_AUTOS = YES_AGGRESSIVE;
				GCC_WARN_UNUSED_FUNCTION = YES;
				GCC_WARN_UNUSED_VARIABLE = YES;
				IPHONEOS_DEPLOYMENT_TARGET = 9.1;
				MTL_ENABLE_DEBUG_INFO = YES;
				ONLY_ACTIVE_ARCH = YES;
				SDKROOT = iphoneos;
				SWIFT_OPTIMIZATION_LEVEL = "-Onone";
				TARGETED_DEVICE_FAMILY = "1,2";
			};
			name = Debug;
		};
		B8B80EDE1BF3067200CF4BB3 /* Release */ = {
			isa = XCBuildConfiguration;
			buildSettings = {
				ALWAYS_SEARCH_USER_PATHS = NO;
				CLANG_CXX_LANGUAGE_STANDARD = "gnu++0x";
				CLANG_CXX_LIBRARY = "libc++";
				CLANG_ENABLE_MODULES = YES;
				CLANG_ENABLE_OBJC_ARC = YES;
				CLANG_WARN_BOOL_CONVERSION = YES;
				CLANG_WARN_CONSTANT_CONVERSION = YES;
				CLANG_WARN_DIRECT_OBJC_ISA_USAGE = YES_ERROR;
				CLANG_WARN_EMPTY_BODY = YES;
				CLANG_WARN_ENUM_CONVERSION = YES;
				CLANG_WARN_INT_CONVERSION = YES;
				CLANG_WARN_OBJC_ROOT_CLASS = YES_ERROR;
				CLANG_WARN_UNREACHABLE_CODE = YES;
				CLANG_WARN__DUPLICATE_METHOD_MATCH = YES;
				"CODE_SIGN_IDENTITY[sdk=iphoneos*]" = "iPhone Developer";
				COPY_PHASE_STRIP = NO;
				DEBUG_INFORMATION_FORMAT = "dwarf-with-dsym";
				ENABLE_NS_ASSERTIONS = NO;
				ENABLE_STRICT_OBJC_MSGSEND = YES;
				GCC_C_LANGUAGE_STANDARD = gnu99;
				GCC_NO_COMMON_BLOCKS = YES;
				GCC_WARN_64_TO_32_BIT_CONVERSION = YES;
				GCC_WARN_ABOUT_RETURN_TYPE = YES_ERROR;
				GCC_WARN_UNDECLARED_SELECTOR = YES;
				GCC_WARN_UNINITIALIZED_AUTOS = YES_AGGRESSIVE;
				GCC_WARN_UNUSED_FUNCTION = YES;
				GCC_WARN_UNUSED_VARIABLE = YES;
				IPHONEOS_DEPLOYMENT_TARGET = 9.1;
				MTL_ENABLE_DEBUG_INFO = NO;
				SDKROOT = iphoneos;
				TARGETED_DEVICE_FAMILY = "1,2";
				VALIDATE_PRODUCT = YES;
			};
			name = Release;
		};
		B8B80EE01BF3067200CF4BB3 /* Debug */ = {
			isa = XCBuildConfiguration;
			buildSettings = {
				ASSETCATALOG_COMPILER_APPICON_NAME = AppIcon;
				INFOPLIST_FILE = test123123/Info.plist;
				LD_RUNPATH_SEARCH_PATHS = "$(inherited) @executable_path/Frameworks";
				PRODUCT_BUNDLE_IDENTIFIER = com.timnuwin.test123123;
				PRODUCT_NAME = "$(TARGET_NAME)";
			};
			name = Debug;
		};
		B8B80EE11BF3067200CF4BB3 /* Release */ = {
			isa = XCBuildConfiguration;
			buildSettings = {
				ASSETCATALOG_COMPILER_APPICON_NAME = AppIcon;
				INFOPLIST_FILE = test123123/Info.plist;
				LD_RUNPATH_SEARCH_PATHS = "$(inherited) @executable_path/Frameworks";
				PRODUCT_BUNDLE_IDENTIFIER = com.timnuwin.test123123;
				PRODUCT_NAME = "$(TARGET_NAME)";
			};
			name = Release;
		};
		B8B80EE31BF3067200CF4BB3 /* Debug */ = {
			isa = XCBuildConfiguration;
			buildSettings = {
				BUNDLE_LOADER = "$(TEST_HOST)";
				INFOPLIST_FILE = test123123Tests/Info.plist;
				LD_RUNPATH_SEARCH_PATHS = "$(inherited) @executable_path/Frameworks @loader_path/Frameworks";
				PRODUCT_BUNDLE_IDENTIFIER = com.timnuwin.test123123Tests;
				PRODUCT_NAME = "$(TARGET_NAME)";
				TEST_HOST = "$(BUILT_PRODUCTS_DIR)/test123123.app/test123123";
			};
			name = Debug;
		};
		B8B80EE41BF3067200CF4BB3 /* Release */ = {
			isa = XCBuildConfiguration;
			buildSettings = {
				BUNDLE_LOADER = "$(TEST_HOST)";
				INFOPLIST_FILE = test123123Tests/Info.plist;
				LD_RUNPATH_SEARCH_PATHS = "$(inherited) @executable_path/Frameworks @loader_path/Frameworks";
				PRODUCT_BUNDLE_IDENTIFIER = com.timnuwin.test123123Tests;
				PRODUCT_NAME = "$(TARGET_NAME)";
				TEST_HOST = "$(BUILT_PRODUCTS_DIR)/test123123.app/test123123";
			};
			name = Release;
		};
		B8B80EE61BF3067200CF4BB3 /* Debug */ = {
			isa = XCBuildConfiguration;
			buildSettings = {
				INFOPLIST_FILE = test123123UITests/Info.plist;
				LD_RUNPATH_SEARCH_PATHS = "$(inherited) @executable_path/Frameworks @loader_path/Frameworks";
				PRODUCT_BUNDLE_IDENTIFIER = com.timnuwin.test123123UITests;
				PRODUCT_NAME = "$(TARGET_NAME)";
				TEST_TARGET_NAME = test123123;
				USES_XCTRUNNER = YES;
			};
			name = Debug;
		};
		B8B80EE71BF3067200CF4BB3 /* Release */ = {
			isa = XCBuildConfiguration;
			buildSettings = {
				INFOPLIST_FILE = test123123UITests/Info.plist;
				LD_RUNPATH_SEARCH_PATHS = "$(inherited) @executable_path/Frameworks @loader_path/Frameworks";
				PRODUCT_BUNDLE_IDENTIFIER = com.timnuwin.test123123UITests;
				PRODUCT_NAME = "$(TARGET_NAME)";
				TEST_TARGET_NAME = test123123;
				USES_XCTRUNNER = YES;
			};
			name = Release;
		};
/* End XCBuildConfiguration section */

/* Begin XCConfigurationList section */
		B8B80EAF1BF3067200CF4BB3 /* Build configuration list for PBXProject "test123123" */ = {
			isa = XCConfigurationList;
			buildConfigurations = (
				B8B80EDD1BF3067200CF4BB3 /* Debug */,
				B8B80EDE1BF3067200CF4BB3 /* Release */,
			);
			defaultConfigurationIsVisible = 0;
			defaultConfigurationName = Release;
		};
		B8B80EDF1BF3067200CF4BB3 /* Build configuration list for PBXNativeTarget "test123123" */ = {
			isa = XCConfigurationList;
			buildConfigurations = (
				B8B80EE01BF3067200CF4BB3 /* Debug */,
				B8B80EE11BF3067200CF4BB3 /* Release */,
			);
			defaultConfigurationIsVisible = 0;
		};
		B8B80EE21BF3067200CF4BB3 /* Build configuration list for PBXNativeTarget "test123123Tests" */ = {
			isa = XCConfigurationList;
			buildConfigurations = (
				B8B80EE31BF3067200CF4BB3 /* Debug */,
				B8B80EE41BF3067200CF4BB3 /* Release */,
			);
			defaultConfigurationIsVisible = 0;
		};
		B8B80EE51BF3067200CF4BB3 /* Build configuration list for PBXNativeTarget "test123123UITests" */ = {
			isa = XCConfigurationList;
			buildConfigurations = (
				B8B80EE61BF3067200CF4BB3 /* Debug */,
				B8B80EE71BF3067200CF4BB3 /* Release */,
			);
			defaultConfigurationIsVisible = 0;
		};
/* End XCConfigurationList section */

/* Begin XCVersionGroup section */
		B8B80EBE1BF3067200CF4BB3 /* test123123.xcdatamodeld */ = {
			isa = XCVersionGroup;
			children = (
				B8B80EBF1BF3067200CF4BB3 /* test123123.xcdatamodel */,
			);
			currentVersion = B8B80EBF1BF3067200CF4BB3 /* test123123.xcdatamodel */;
			path = test123123.xcdatamodeld;
			sourceTree = "<group>";
			versionGroupType = wrapper.xcdatamodel;
		};
/* End XCVersionGroup section */
	};
	rootObject = B8B80EAC1BF3067200CF4BB3 /* Project object */;
}
