// !$*UTF8*$!
{
	archiveVersion = 1;
	classes = {
	};
	objectVersion = 46;
	objects = {

/* Begin PBXBuildFile section */
		3C8BA244D33FA87B7D1F6DAA /* Pods.framework in Frameworks */ = {isa = PBXBuildFile; fileRef = 62289E71743A55C45DFA4A6C /* Pods.framework */; settings = {ATTRIBUTES = (Weak, ); }; };
		B80884BE1BB622D400440685 /* MoleManager.swift in Sources */ = {isa = PBXBuildFile; fileRef = B80884BD1BB622D400440685 /* MoleManager.swift */; settings = {ASSET_TAGS = (); }; };
		B80884EF1BBF4B2E00440685 /* SavedSnapshotTableViewCell.swift in Sources */ = {isa = PBXBuildFile; fileRef = B80884ED1BBF4B2E00440685 /* SavedSnapshotTableViewCell.swift */; settings = {ASSET_TAGS = (); }; };
		B80884F01BBF4B2E00440685 /* SavedSnapshotTableViewCell.xib in Resources */ = {isa = PBXBuildFile; fileRef = B80884EE1BBF4B2E00440685 /* SavedSnapshotTableViewCell.xib */; settings = {ASSET_TAGS = (); }; };
		B81FC82B1BAE2D8E006B2982 /* AppDelegate.swift in Sources */ = {isa = PBXBuildFile; fileRef = B81FC82A1BAE2D8E006B2982 /* AppDelegate.swift */; };
		B81FC8301BAE2D8E006B2982 /* Main.storyboard in Resources */ = {isa = PBXBuildFile; fileRef = B81FC82E1BAE2D8E006B2982 /* Main.storyboard */; };
		B81FC8331BAE2D8E006B2982 /* MolePeopleBrowser.xcdatamodeld in Sources */ = {isa = PBXBuildFile; fileRef = B81FC8311BAE2D8E006B2982 /* MolePeopleBrowser.xcdatamodeld */; };
		B81FC8351BAE2D8E006B2982 /* Assets.xcassets in Resources */ = {isa = PBXBuildFile; fileRef = B81FC8341BAE2D8E006B2982 /* Assets.xcassets */; };
		B81FC8381BAE2D8E006B2982 /* LaunchScreen.storyboard in Resources */ = {isa = PBXBuildFile; fileRef = B81FC8361BAE2D8E006B2982 /* LaunchScreen.storyboard */; };
		B81FC8431BAE2D8E006B2982 /* MolePeopleBrowserTests.swift in Sources */ = {isa = PBXBuildFile; fileRef = B81FC8421BAE2D8E006B2982 /* MolePeopleBrowserTests.swift */; };
		B81FC84E1BAE2D8E006B2982 /* MolePeopleBrowserUITests.swift in Sources */ = {isa = PBXBuildFile; fileRef = B81FC84D1BAE2D8E006B2982 /* MolePeopleBrowserUITests.swift */; };
		B81FC86A1BAE2DB2006B2982 /* news.css in Resources */ = {isa = PBXBuildFile; fileRef = B81FC8611BAE2DB2006B2982 /* news.css */; settings = {ASSET_TAGS = (); }; };
		B81FC86B1BAE2DB2006B2982 /* y18.gif in Resources */ = {isa = PBXBuildFile; fileRef = B81FC8631BAE2DB2006B2982 /* y18.gif */; settings = {ASSET_TAGS = (); }; };
		B81FC86C1BAE2DB2006B2982 /* s.gif in Resources */ = {isa = PBXBuildFile; fileRef = B81FC8641BAE2DB2006B2982 /* s.gif */; settings = {ASSET_TAGS = (); }; };
		B81FC86D1BAE2DB2006B2982 /* grayarrow.gif in Resources */ = {isa = PBXBuildFile; fileRef = B81FC8651BAE2DB2006B2982 /* grayarrow.gif */; settings = {ASSET_TAGS = (); }; };
		B81FC86E1BAE2DB2006B2982 /* grayarrow2x.gif in Resources */ = {isa = PBXBuildFile; fileRef = B81FC8661BAE2DB2006B2982 /* grayarrow2x.gif */; settings = {ASSET_TAGS = (); }; };
		B81FC8711BAE2E19006B2982 /* ViewController.swift in Sources */ = {isa = PBXBuildFile; fileRef = B81FC8701BAE2E19006B2982 /* ViewController.swift */; settings = {ASSET_TAGS = (); }; };
		B850D75A1BB21BDA00D016EB /* SiteScraperHelper.swift in Sources */ = {isa = PBXBuildFile; fileRef = B850D7591BB21BDA00D016EB /* SiteScraperHelper.swift */; settings = {ASSET_TAGS = (); }; };
		B850D75C1BB37A9900D016EB /* ProjectConstants.swift in Sources */ = {isa = PBXBuildFile; fileRef = B850D75B1BB37A9900D016EB /* ProjectConstants.swift */; settings = {ASSET_TAGS = (); }; };
		B8B451E81BB104400002EB0C /* NSDate+NVTimeAgo.m in Sources */ = {isa = PBXBuildFile; fileRef = B8B451E71BB104400002EB0C /* NSDate+NVTimeAgo.m */; settings = {ASSET_TAGS = (); }; };
		B8EBD3921BAE346800E06369 /* SiteDownloaderHelper.swift in Sources */ = {isa = PBXBuildFile; fileRef = B8EBD3911BAE346800E06369 /* SiteDownloaderHelper.swift */; settings = {ASSET_TAGS = (); }; };
		B8EBD3941BAE3D0F00E06369 /* ViewSiteViewController.swift in Sources */ = {isa = PBXBuildFile; fileRef = B8EBD3931BAE3D0F00E06369 /* ViewSiteViewController.swift */; settings = {ASSET_TAGS = (); }; };
		B8EBD3981BAE410200E06369 /* index.html in Resources */ = {isa = PBXBuildFile; fileRef = B8EBD3971BAE410200E06369 /* index.html */; settings = {ASSET_TAGS = (); }; };
		B8EBD39A1BAF11C400E06369 /* ParentPageModel.swift in Sources */ = {isa = PBXBuildFile; fileRef = B8EBD3991BAF11C400E06369 /* ParentPageModel.swift */; settings = {ASSET_TAGS = (); }; };
		B8EBD39C1BAF14CB00E06369 /* CommentPageModel.swift in Sources */ = {isa = PBXBuildFile; fileRef = B8EBD39B1BAF14CB00E06369 /* CommentPageModel.swift */; settings = {ASSET_TAGS = (); }; };
		B8EBD39E1BAF14DA00E06369 /* GenericPageModel.swift in Sources */ = {isa = PBXBuildFile; fileRef = B8EBD39D1BAF14DA00E06369 /* GenericPageModel.swift */; settings = {ASSET_TAGS = (); }; };
		B8EBD3A11BAF1E7B00E06369 /* ParentPageHelper.swift in Sources */ = {isa = PBXBuildFile; fileRef = B8EBD3A01BAF1E7B00E06369 /* ParentPageHelper.swift */; settings = {ASSET_TAGS = (); }; };
		B8EBD3A31BAF1FC800E06369 /* CoreDataHelper.swift in Sources */ = {isa = PBXBuildFile; fileRef = B8EBD3A21BAF1FC800E06369 /* CoreDataHelper.swift */; settings = {ASSET_TAGS = (); }; };
/* End PBXBuildFile section */

/* Begin PBXContainerItemProxy section */
		B81FC83F1BAE2D8E006B2982 /* PBXContainerItemProxy */ = {
			isa = PBXContainerItemProxy;
			containerPortal = B81FC81F1BAE2D8D006B2982 /* Project object */;
			proxyType = 1;
			remoteGlobalIDString = B81FC8261BAE2D8E006B2982;
			remoteInfo = MolePeopleBrowser;
		};
		B81FC84A1BAE2D8E006B2982 /* PBXContainerItemProxy */ = {
			isa = PBXContainerItemProxy;
			containerPortal = B81FC81F1BAE2D8D006B2982 /* Project object */;
			proxyType = 1;
			remoteGlobalIDString = B81FC8261BAE2D8E006B2982;
			remoteInfo = MolePeopleBrowser;
		};
/* End PBXContainerItemProxy section */

/* Begin PBXFileReference section */
		62289E71743A55C45DFA4A6C /* Pods.framework */ = {isa = PBXFileReference; explicitFileType = wrapper.framework; includeInIndex = 0; path = Pods.framework; sourceTree = BUILT_PRODUCTS_DIR; };
		985774156220125020EF0FA3 /* Pods.release.xcconfig */ = {isa = PBXFileReference; includeInIndex = 1; lastKnownFileType = text.xcconfig; name = Pods.release.xcconfig; path = "Pods/Target Support Files/Pods/Pods.release.xcconfig"; sourceTree = "<group>"; };
		B80884BD1BB622D400440685 /* MoleManager.swift */ = {isa = PBXFileReference; fileEncoding = 4; lastKnownFileType = sourcecode.swift; path = MoleManager.swift; sourceTree = "<group>"; };
		B80884ED1BBF4B2E00440685 /* SavedSnapshotTableViewCell.swift */ = {isa = PBXFileReference; fileEncoding = 4; lastKnownFileType = sourcecode.swift; path = SavedSnapshotTableViewCell.swift; sourceTree = "<group>"; };
		B80884EE1BBF4B2E00440685 /* SavedSnapshotTableViewCell.xib */ = {isa = PBXFileReference; fileEncoding = 4; lastKnownFileType = file.xib; path = SavedSnapshotTableViewCell.xib; sourceTree = "<group>"; };
		B81FC8271BAE2D8E006B2982 /* MolePeopleBrowser.app */ = {isa = PBXFileReference; explicitFileType = wrapper.application; includeInIndex = 0; path = MolePeopleBrowser.app; sourceTree = BUILT_PRODUCTS_DIR; };
		B81FC82A1BAE2D8E006B2982 /* AppDelegate.swift */ = {isa = PBXFileReference; lastKnownFileType = sourcecode.swift; path = AppDelegate.swift; sourceTree = "<group>"; };
		B81FC82F1BAE2D8E006B2982 /* Base */ = {isa = PBXFileReference; lastKnownFileType = file.storyboard; name = Base; path = Base.lproj/Main.storyboard; sourceTree = "<group>"; };
		B81FC8321BAE2D8E006B2982 /* MolePeopleBrowser.xcdatamodel */ = {isa = PBXFileReference; lastKnownFileType = wrapper.xcdatamodel; path = MolePeopleBrowser.xcdatamodel; sourceTree = "<group>"; };
		B81FC8341BAE2D8E006B2982 /* Assets.xcassets */ = {isa = PBXFileReference; lastKnownFileType = folder.assetcatalog; path = Assets.xcassets; sourceTree = "<group>"; };
		B81FC8371BAE2D8E006B2982 /* Base */ = {isa = PBXFileReference; lastKnownFileType = file.storyboard; name = Base; path = Base.lproj/LaunchScreen.storyboard; sourceTree = "<group>"; };
		B81FC8391BAE2D8E006B2982 /* Info.plist */ = {isa = PBXFileReference; lastKnownFileType = text.plist.xml; path = Info.plist; sourceTree = "<group>"; };
		B81FC83E1BAE2D8E006B2982 /* MolePeopleBrowserTests.xctest */ = {isa = PBXFileReference; explicitFileType = wrapper.cfbundle; includeInIndex = 0; path = MolePeopleBrowserTests.xctest; sourceTree = BUILT_PRODUCTS_DIR; };
		B81FC8421BAE2D8E006B2982 /* MolePeopleBrowserTests.swift */ = {isa = PBXFileReference; lastKnownFileType = sourcecode.swift; path = MolePeopleBrowserTests.swift; sourceTree = "<group>"; };
		B81FC8441BAE2D8E006B2982 /* Info.plist */ = {isa = PBXFileReference; lastKnownFileType = text.plist.xml; path = Info.plist; sourceTree = "<group>"; };
		B81FC8491BAE2D8E006B2982 /* MolePeopleBrowserUITests.xctest */ = {isa = PBXFileReference; explicitFileType = wrapper.cfbundle; includeInIndex = 0; path = MolePeopleBrowserUITests.xctest; sourceTree = BUILT_PRODUCTS_DIR; };
		B81FC84D1BAE2D8E006B2982 /* MolePeopleBrowserUITests.swift */ = {isa = PBXFileReference; lastKnownFileType = sourcecode.swift; path = MolePeopleBrowserUITests.swift; sourceTree = "<group>"; };
		B81FC84F1BAE2D8E006B2982 /* Info.plist */ = {isa = PBXFileReference; lastKnownFileType = text.plist.xml; path = Info.plist; sourceTree = "<group>"; };
		B81FC8611BAE2DB2006B2982 /* news.css */ = {isa = PBXFileReference; fileEncoding = 4; lastKnownFileType = text.css; path = news.css; sourceTree = "<group>"; };
		B81FC8631BAE2DB2006B2982 /* y18.gif */ = {isa = PBXFileReference; lastKnownFileType = image.gif; path = y18.gif; sourceTree = "<group>"; };
		B81FC8641BAE2DB2006B2982 /* s.gif */ = {isa = PBXFileReference; lastKnownFileType = image.gif; path = s.gif; sourceTree = "<group>"; };
		B81FC8651BAE2DB2006B2982 /* grayarrow.gif */ = {isa = PBXFileReference; lastKnownFileType = image.gif; path = grayarrow.gif; sourceTree = "<group>"; };
		B81FC8661BAE2DB2006B2982 /* grayarrow2x.gif */ = {isa = PBXFileReference; lastKnownFileType = image.gif; path = grayarrow2x.gif; sourceTree = "<group>"; };
		B81FC8701BAE2E19006B2982 /* ViewController.swift */ = {isa = PBXFileReference; fileEncoding = 4; lastKnownFileType = sourcecode.swift; path = ViewController.swift; sourceTree = "<group>"; };
		B850D7591BB21BDA00D016EB /* SiteScraperHelper.swift */ = {isa = PBXFileReference; fileEncoding = 4; lastKnownFileType = sourcecode.swift; path = SiteScraperHelper.swift; sourceTree = "<group>"; };
		B850D75B1BB37A9900D016EB /* ProjectConstants.swift */ = {isa = PBXFileReference; fileEncoding = 4; lastKnownFileType = sourcecode.swift; path = ProjectConstants.swift; sourceTree = "<group>"; };
		B8B451E51BB1043F0002EB0C /* MolePeopleBrowser-Bridging-Header.h */ = {isa = PBXFileReference; lastKnownFileType = sourcecode.c.h; path = "MolePeopleBrowser-Bridging-Header.h"; sourceTree = "<group>"; };
		B8B451E61BB104400002EB0C /* NSDate+NVTimeAgo.h */ = {isa = PBXFileReference; fileEncoding = 4; lastKnownFileType = sourcecode.c.h; path = "NSDate+NVTimeAgo.h"; sourceTree = "<group>"; };
		B8B451E71BB104400002EB0C /* NSDate+NVTimeAgo.m */ = {isa = PBXFileReference; fileEncoding = 4; lastKnownFileType = sourcecode.c.objc; path = "NSDate+NVTimeAgo.m"; sourceTree = "<group>"; };
		B8EBD3911BAE346800E06369 /* SiteDownloaderHelper.swift */ = {isa = PBXFileReference; fileEncoding = 4; lastKnownFileType = sourcecode.swift; path = SiteDownloaderHelper.swift; sourceTree = "<group>"; };
		B8EBD3931BAE3D0F00E06369 /* ViewSiteViewController.swift */ = {isa = PBXFileReference; fileEncoding = 4; lastKnownFileType = sourcecode.swift; path = ViewSiteViewController.swift; sourceTree = "<group>"; };
		B8EBD3971BAE410200E06369 /* index.html */ = {isa = PBXFileReference; fileEncoding = 4; lastKnownFileType = text.html; path = index.html; sourceTree = "<group>"; };
		B8EBD3991BAF11C400E06369 /* ParentPageModel.swift */ = {isa = PBXFileReference; fileEncoding = 4; lastKnownFileType = sourcecode.swift; path = ParentPageModel.swift; sourceTree = "<group>"; };
		B8EBD39B1BAF14CB00E06369 /* CommentPageModel.swift */ = {isa = PBXFileReference; fileEncoding = 4; lastKnownFileType = sourcecode.swift; path = CommentPageModel.swift; sourceTree = "<group>"; };
		B8EBD39D1BAF14DA00E06369 /* GenericPageModel.swift */ = {isa = PBXFileReference; fileEncoding = 4; lastKnownFileType = sourcecode.swift; path = GenericPageModel.swift; sourceTree = "<group>"; };
		B8EBD3A01BAF1E7B00E06369 /* ParentPageHelper.swift */ = {isa = PBXFileReference; fileEncoding = 4; lastKnownFileType = sourcecode.swift; path = ParentPageHelper.swift; sourceTree = "<group>"; };
		B8EBD3A21BAF1FC800E06369 /* CoreDataHelper.swift */ = {isa = PBXFileReference; fileEncoding = 4; lastKnownFileType = sourcecode.swift; path = CoreDataHelper.swift; sourceTree = "<group>"; };
		EA783111DA9FD0BDE89CD4D6 /* Pods.debug.xcconfig */ = {isa = PBXFileReference; includeInIndex = 1; lastKnownFileType = text.xcconfig; name = Pods.debug.xcconfig; path = "Pods/Target Support Files/Pods/Pods.debug.xcconfig"; sourceTree = "<group>"; };
/* End PBXFileReference section */

/* Begin PBXFrameworksBuildPhase section */
		B81FC8241BAE2D8E006B2982 /* Frameworks */ = {
			isa = PBXFrameworksBuildPhase;
			buildActionMask = 2147483647;
			files = (
				3C8BA244D33FA87B7D1F6DAA /* Pods.framework in Frameworks */,
			);
			runOnlyForDeploymentPostprocessing = 0;
		};
		B81FC83B1BAE2D8E006B2982 /* Frameworks */ = {
			isa = PBXFrameworksBuildPhase;
			buildActionMask = 2147483647;
			files = (
			);
			runOnlyForDeploymentPostprocessing = 0;
		};
		B81FC8461BAE2D8E006B2982 /* Frameworks */ = {
			isa = PBXFrameworksBuildPhase;
			buildActionMask = 2147483647;
			files = (
			);
			runOnlyForDeploymentPostprocessing = 0;
		};
/* End PBXFrameworksBuildPhase section */

/* Begin PBXGroup section */
		35BB0C1310B5CFB836FE4EEE /* Pods */ = {
			isa = PBXGroup;
			children = (
				EA783111DA9FD0BDE89CD4D6 /* Pods.debug.xcconfig */,
				985774156220125020EF0FA3 /* Pods.release.xcconfig */,
			);
			name = Pods;
			sourceTree = "<group>";
		};
		66EF5E61A7450A907592A0AF /* Frameworks */ = {
			isa = PBXGroup;
			children = (
				62289E71743A55C45DFA4A6C /* Pods.framework */,
			);
			name = Frameworks;
			sourceTree = "<group>";
		};
		B81FC81E1BAE2D8D006B2982 = {
			isa = PBXGroup;
			children = (
				B81FC8291BAE2D8E006B2982 /* MolePeopleBrowser */,
				B81FC8411BAE2D8E006B2982 /* MolePeopleBrowserTests */,
				B81FC84C1BAE2D8E006B2982 /* MolePeopleBrowserUITests */,
				B81FC8281BAE2D8E006B2982 /* Products */,
				35BB0C1310B5CFB836FE4EEE /* Pods */,
				66EF5E61A7450A907592A0AF /* Frameworks */,
			);
			sourceTree = "<group>";
		};
		B81FC8281BAE2D8E006B2982 /* Products */ = {
			isa = PBXGroup;
			children = (
				B81FC8271BAE2D8E006B2982 /* MolePeopleBrowser.app */,
				B81FC83E1BAE2D8E006B2982 /* MolePeopleBrowserTests.xctest */,
				B81FC8491BAE2D8E006B2982 /* MolePeopleBrowserUITests.xctest */,
			);
			name = Products;
			sourceTree = "<group>";
		};
		B81FC8291BAE2D8E006B2982 /* MolePeopleBrowser */ = {
			isa = PBXGroup;
			children = (
				B81FC85D1BAE2DB2006B2982 /* Cells */,
				B8EBD39F1BAF153700E06369 /* DAO */,
				B81FC85E1BAE2DB2006B2982 /* Helpers */,
				B81FC85F1BAE2DB2006B2982 /* Models */,
				B81FC8601BAE2DB2006B2982 /* Resources */,
				B81FC8691BAE2DB2006B2982 /* Sites */,
				B81FC86F1BAE2E04006B2982 /* ViewControllers */,
				B81FC82A1BAE2D8E006B2982 /* AppDelegate.swift */,
				B81FC82E1BAE2D8E006B2982 /* Main.storyboard */,
				B81FC8341BAE2D8E006B2982 /* Assets.xcassets */,
				B81FC8361BAE2D8E006B2982 /* LaunchScreen.storyboard */,
				B81FC8391BAE2D8E006B2982 /* Info.plist */,
			);
			path = MolePeopleBrowser;
			sourceTree = "<group>";
		};
		B81FC8411BAE2D8E006B2982 /* MolePeopleBrowserTests */ = {
			isa = PBXGroup;
			children = (
				B81FC8421BAE2D8E006B2982 /* MolePeopleBrowserTests.swift */,
				B81FC8441BAE2D8E006B2982 /* Info.plist */,
			);
			path = MolePeopleBrowserTests;
			sourceTree = "<group>";
		};
		B81FC84C1BAE2D8E006B2982 /* MolePeopleBrowserUITests */ = {
			isa = PBXGroup;
			children = (
				B81FC84D1BAE2D8E006B2982 /* MolePeopleBrowserUITests.swift */,
				B81FC84F1BAE2D8E006B2982 /* Info.plist */,
			);
			path = MolePeopleBrowserUITests;
			sourceTree = "<group>";
		};
		B81FC85B1BAE2DB2006B2982 /* HomeScreen */ = {
			isa = PBXGroup;
			children = (
				B80884ED1BBF4B2E00440685 /* SavedSnapshotTableViewCell.swift */,
				B80884EE1BBF4B2E00440685 /* SavedSnapshotTableViewCell.xib */,
			);
			name = HomeScreen;
			sourceTree = "<group>";
		};
		B81FC85C1BAE2DB2006B2982 /* AddSite */ = {
			isa = PBXGroup;
			children = (
			);
			name = AddSite;
			sourceTree = "<group>";
		};
		B81FC85D1BAE2DB2006B2982 /* Cells */ = {
			isa = PBXGroup;
			children = (
				B81FC85B1BAE2DB2006B2982 /* HomeScreen */,
				B81FC85C1BAE2DB2006B2982 /* AddSite */,
			);
			name = Cells;
			path = ../../MolePeopleBrowsera/MolePeopleBrowser;
			sourceTree = "<group>";
		};
		B81FC85E1BAE2DB2006B2982 /* Helpers */ = {
			isa = PBXGroup;
			children = (
				B8EBD3A21BAF1FC800E06369 /* CoreDataHelper.swift */,
				B8EBD3A01BAF1E7B00E06369 /* ParentPageHelper.swift */,
				B8EBD3911BAE346800E06369 /* SiteDownloaderHelper.swift */,
				B8B451E61BB104400002EB0C /* NSDate+NVTimeAgo.h */,
				B8B451E71BB104400002EB0C /* NSDate+NVTimeAgo.m */,
				B850D7591BB21BDA00D016EB /* SiteScraperHelper.swift */,
				B850D75B1BB37A9900D016EB /* ProjectConstants.swift */,
				B80884BD1BB622D400440685 /* MoleManager.swift */,
			);
			name = Helpers;
			path = ../../MolePeopleBrowsera/MolePeopleBrowser;
			sourceTree = "<group>";
		};
		B81FC85F1BAE2DB2006B2982 /* Models */ = {
			isa = PBXGroup;
			children = (
				B8EBD3991BAF11C400E06369 /* ParentPageModel.swift */,
				B8EBD39B1BAF14CB00E06369 /* CommentPageModel.swift */,
				B8EBD39D1BAF14DA00E06369 /* GenericPageModel.swift */,
			);
			name = Models;
			path = ../../MolePeopleBrowsera/MolePeopleBrowser;
			sourceTree = "<group>";
		};
		B81FC8601BAE2DB2006B2982 /* Resources */ = {
			isa = PBXGroup;
			children = (
				B81FC8311BAE2D8E006B2982 /* MolePeopleBrowser.xcdatamodeld */,
				B8B451E51BB1043F0002EB0C /* MolePeopleBrowser-Bridging-Header.h */,
			);
			name = Resources;
			path = ../../MolePeopleBrowsera/MolePeopleBrowser;
			sourceTree = "<group>";
		};
		B81FC8621BAE2DB2006B2982 /* css */ = {
			isa = PBXGroup;
			children = (
				B81FC8611BAE2DB2006B2982 /* news.css */,
			);
			name = css;
			sourceTree = "<group>";
		};
		B81FC8671BAE2DB2006B2982 /* img */ = {
			isa = PBXGroup;
			children = (
				B81FC8631BAE2DB2006B2982 /* y18.gif */,
				B81FC8641BAE2DB2006B2982 /* s.gif */,
				B81FC8651BAE2DB2006B2982 /* grayarrow.gif */,
				B81FC8661BAE2DB2006B2982 /* grayarrow2x.gif */,
			);
			name = img;
			sourceTree = "<group>";
		};
		B81FC8681BAE2DB2006B2982 /* HackerNews */ = {
			isa = PBXGroup;
			children = (
				B8EBD3971BAE410200E06369 /* index.html */,
				B81FC8621BAE2DB2006B2982 /* css */,
				B81FC8671BAE2DB2006B2982 /* img */,
			);
			name = HackerNews;
			sourceTree = "<group>";
		};
		B81FC8691BAE2DB2006B2982 /* Sites */ = {
			isa = PBXGroup;
			children = (
				B81FC8681BAE2DB2006B2982 /* HackerNews */,
			);
			name = Sites;
			path = ../../MolePeopleBrowsera/MolePeopleBrowser;
			sourceTree = "<group>";
		};
		B81FC86F1BAE2E04006B2982 /* ViewControllers */ = {
			isa = PBXGroup;
			children = (
				B81FC8701BAE2E19006B2982 /* ViewController.swift */,
				B8EBD3931BAE3D0F00E06369 /* ViewSiteViewController.swift */,
			);
			name = ViewControllers;
			sourceTree = "<group>";
		};
		B8EBD39F1BAF153700E06369 /* DAO */ = {
			isa = PBXGroup;
			children = (
			);
			name = DAO;
			sourceTree = "<group>";
		};
/* End PBXGroup section */

/* Begin PBXNativeTarget section */
		B81FC8261BAE2D8E006B2982 /* MolePeopleBrowser */ = {
			isa = PBXNativeTarget;
			buildConfigurationList = B81FC8521BAE2D8E006B2982 /* Build configuration list for PBXNativeTarget "MolePeopleBrowser" */;
			buildPhases = (
				D9F86C91F71DE035C03370DD /* Check Pods Manifest.lock */,
				B81FC8231BAE2D8E006B2982 /* Sources */,
				B81FC8241BAE2D8E006B2982 /* Frameworks */,
				B81FC8251BAE2D8E006B2982 /* Resources */,
				81BA80B66DEB954F56996B01 /* Embed Pods Frameworks */,
				FCC38EB04816B80285865404 /* Copy Pods Resources */,
			);
			buildRules = (
			);
			dependencies = (
			);
			name = MolePeopleBrowser;
			productName = MolePeopleBrowser;
			productReference = B81FC8271BAE2D8E006B2982 /* MolePeopleBrowser.app */;
			productType = "com.apple.product-type.application";
		};
		B81FC83D1BAE2D8E006B2982 /* MolePeopleBrowserTests */ = {
			isa = PBXNativeTarget;
			buildConfigurationList = B81FC8551BAE2D8E006B2982 /* Build configuration list for PBXNativeTarget "MolePeopleBrowserTests" */;
			buildPhases = (
				B81FC83A1BAE2D8E006B2982 /* Sources */,
				B81FC83B1BAE2D8E006B2982 /* Frameworks */,
				B81FC83C1BAE2D8E006B2982 /* Resources */,
			);
			buildRules = (
			);
			dependencies = (
				B81FC8401BAE2D8E006B2982 /* PBXTargetDependency */,
			);
			name = MolePeopleBrowserTests;
			productName = MolePeopleBrowserTests;
			productReference = B81FC83E1BAE2D8E006B2982 /* MolePeopleBrowserTests.xctest */;
			productType = "com.apple.product-type.bundle.unit-test";
		};
		B81FC8481BAE2D8E006B2982 /* MolePeopleBrowserUITests */ = {
			isa = PBXNativeTarget;
			buildConfigurationList = B81FC8581BAE2D8E006B2982 /* Build configuration list for PBXNativeTarget "MolePeopleBrowserUITests" */;
			buildPhases = (
				B81FC8451BAE2D8E006B2982 /* Sources */,
				B81FC8461BAE2D8E006B2982 /* Frameworks */,
				B81FC8471BAE2D8E006B2982 /* Resources */,
			);
			buildRules = (
			);
			dependencies = (
				B81FC84B1BAE2D8E006B2982 /* PBXTargetDependency */,
			);
			name = MolePeopleBrowserUITests;
			productName = MolePeopleBrowserUITests;
			productReference = B81FC8491BAE2D8E006B2982 /* MolePeopleBrowserUITests.xctest */;
			productType = "com.apple.product-type.bundle.ui-testing";
		};
/* End PBXNativeTarget section */

/* Begin PBXProject section */
		B81FC81F1BAE2D8D006B2982 /* Project object */ = {
			isa = PBXProject;
			attributes = {
				LastSwiftUpdateCheck = 0700;
				LastUpgradeCheck = 0700;
				ORGANIZATIONNAME = "Tim Nuwin";
				TargetAttributes = {
					B81FC8261BAE2D8E006B2982 = {
						CreatedOnToolsVersion = 7.0;
					};
					B81FC83D1BAE2D8E006B2982 = {
						CreatedOnToolsVersion = 7.0;
						TestTargetID = B81FC8261BAE2D8E006B2982;
					};
					B81FC8481BAE2D8E006B2982 = {
						CreatedOnToolsVersion = 7.0;
						TestTargetID = B81FC8261BAE2D8E006B2982;
					};
				};
			};
			buildConfigurationList = B81FC8221BAE2D8D006B2982 /* Build configuration list for PBXProject "MolePeopleBrowser" */;
			compatibilityVersion = "Xcode 3.2";
			developmentRegion = English;
			hasScannedForEncodings = 0;
			knownRegions = (
				en,
				Base,
			);
			mainGroup = B81FC81E1BAE2D8D006B2982;
			productRefGroup = B81FC8281BAE2D8E006B2982 /* Products */;
			projectDirPath = "";
			projectRoot = "";
			targets = (
				B81FC8261BAE2D8E006B2982 /* MolePeopleBrowser */,
				B81FC83D1BAE2D8E006B2982 /* MolePeopleBrowserTests */,
				B81FC8481BAE2D8E006B2982 /* MolePeopleBrowserUITests */,
			);
		};
/* End PBXProject section */

/* Begin PBXResourcesBuildPhase section */
		B81FC8251BAE2D8E006B2982 /* Resources */ = {
			isa = PBXResourcesBuildPhase;
			buildActionMask = 2147483647;
			files = (
				B81FC86C1BAE2DB2006B2982 /* s.gif in Resources */,
				B80884F01BBF4B2E00440685 /* SavedSnapshotTableViewCell.xib in Resources */,
				B81FC86B1BAE2DB2006B2982 /* y18.gif in Resources */,
				B81FC86A1BAE2DB2006B2982 /* news.css in Resources */,
				B81FC86E1BAE2DB2006B2982 /* grayarrow2x.gif in Resources */,
				B81FC8381BAE2D8E006B2982 /* LaunchScreen.storyboard in Resources */,
				B81FC86D1BAE2DB2006B2982 /* grayarrow.gif in Resources */,
				B81FC8351BAE2D8E006B2982 /* Assets.xcassets in Resources */,
				B81FC8301BAE2D8E006B2982 /* Main.storyboard in Resources */,
				B8EBD3981BAE410200E06369 /* index.html in Resources */,
			);
			runOnlyForDeploymentPostprocessing = 0;
		};
		B81FC83C1BAE2D8E006B2982 /* Resources */ = {
			isa = PBXResourcesBuildPhase;
			buildActionMask = 2147483647;
			files = (
			);
			runOnlyForDeploymentPostprocessing = 0;
		};
		B81FC8471BAE2D8E006B2982 /* Resources */ = {
			isa = PBXResourcesBuildPhase;
			buildActionMask = 2147483647;
			files = (
			);
			runOnlyForDeploymentPostprocessing = 0;
		};
/* End PBXResourcesBuildPhase section */

/* Begin PBXShellScriptBuildPhase section */
		81BA80B66DEB954F56996B01 /* Embed Pods Frameworks */ = {
			isa = PBXShellScriptBuildPhase;
			buildActionMask = 2147483647;
			files = (
			);
			inputPaths = (
			);
			name = "Embed Pods Frameworks";
			outputPaths = (
			);
			runOnlyForDeploymentPostprocessing = 0;
			shellPath = /bin/sh;
			shellScript = "\"${SRCROOT}/Pods/Target Support Files/Pods/Pods-frameworks.sh\"\n";
			showEnvVarsInLog = 0;
		};
		D9F86C91F71DE035C03370DD /* Check Pods Manifest.lock */ = {
			isa = PBXShellScriptBuildPhase;
			buildActionMask = 2147483647;
			files = (
			);
			inputPaths = (
			);
			name = "Check Pods Manifest.lock";
			outputPaths = (
			);
			runOnlyForDeploymentPostprocessing = 0;
			shellPath = /bin/sh;
			shellScript = "diff \"${PODS_ROOT}/../Podfile.lock\" \"${PODS_ROOT}/Manifest.lock\" > /dev/null\nif [[ $? != 0 ]] ; then\n    cat << EOM\nerror: The sandbox is not in sync with the Podfile.lock. Run 'pod install' or update your CocoaPods installation.\nEOM\n    exit 1\nfi\n";
			showEnvVarsInLog = 0;
		};
		FCC38EB04816B80285865404 /* Copy Pods Resources */ = {
			isa = PBXShellScriptBuildPhase;
			buildActionMask = 2147483647;
			files = (
			);
			inputPaths = (
			);
			name = "Copy Pods Resources";
			outputPaths = (
			);
			runOnlyForDeploymentPostprocessing = 0;
			shellPath = /bin/sh;
			shellScript = "\"${SRCROOT}/Pods/Target Support Files/Pods/Pods-resources.sh\"\n";
			showEnvVarsInLog = 0;
		};
/* End PBXShellScriptBuildPhase section */

/* Begin PBXSourcesBuildPhase section */
		B81FC8231BAE2D8E006B2982 /* Sources */ = {
			isa = PBXSourcesBuildPhase;
			buildActionMask = 2147483647;
			files = (
				B8EBD3A31BAF1FC800E06369 /* CoreDataHelper.swift in Sources */,
				B81FC8711BAE2E19006B2982 /* ViewController.swift in Sources */,
				B8EBD3921BAE346800E06369 /* SiteDownloaderHelper.swift in Sources */,
				B81FC8331BAE2D8E006B2982 /* MolePeopleBrowser.xcdatamodeld in Sources */,
				B81FC82B1BAE2D8E006B2982 /* AppDelegate.swift in Sources */,
				B8EBD39E1BAF14DA00E06369 /* GenericPageModel.swift in Sources */,
				B80884BE1BB622D400440685 /* MoleManager.swift in Sources */,
				B850D75C1BB37A9900D016EB /* ProjectConstants.swift in Sources */,
				B8B451E81BB104400002EB0C /* NSDate+NVTimeAgo.m in Sources */,
				B80884EF1BBF4B2E00440685 /* SavedSnapshotTableViewCell.swift in Sources */,
				B8EBD3A11BAF1E7B00E06369 /* ParentPageHelper.swift in Sources */,
				B8EBD39C1BAF14CB00E06369 /* CommentPageModel.swift in Sources */,
				B8EBD39A1BAF11C400E06369 /* ParentPageModel.swift in Sources */,
				B8EBD3941BAE3D0F00E06369 /* ViewSiteViewController.swift in Sources */,
				B850D75A1BB21BDA00D016EB /* SiteScraperHelper.swift in Sources */,
			);
			runOnlyForDeploymentPostprocessing = 0;
		};
		B81FC83A1BAE2D8E006B2982 /* Sources */ = {
			isa = PBXSourcesBuildPhase;
			buildActionMask = 2147483647;
			files = (
				B81FC8431BAE2D8E006B2982 /* MolePeopleBrowserTests.swift in Sources */,
			);
			runOnlyForDeploymentPostprocessing = 0;
		};
		B81FC8451BAE2D8E006B2982 /* Sources */ = {
			isa = PBXSourcesBuildPhase;
			buildActionMask = 2147483647;
			files = (
				B81FC84E1BAE2D8E006B2982 /* MolePeopleBrowserUITests.swift in Sources */,
			);
			runOnlyForDeploymentPostprocessing = 0;
		};
/* End PBXSourcesBuildPhase section */

/* Begin PBXTargetDependency section */
		B81FC8401BAE2D8E006B2982 /* PBXTargetDependency */ = {
			isa = PBXTargetDependency;
			target = B81FC8261BAE2D8E006B2982 /* MolePeopleBrowser */;
			targetProxy = B81FC83F1BAE2D8E006B2982 /* PBXContainerItemProxy */;
		};
		B81FC84B1BAE2D8E006B2982 /* PBXTargetDependency */ = {
			isa = PBXTargetDependency;
			target = B81FC8261BAE2D8E006B2982 /* MolePeopleBrowser */;
			targetProxy = B81FC84A1BAE2D8E006B2982 /* PBXContainerItemProxy */;
		};
/* End PBXTargetDependency section */

/* Begin PBXVariantGroup section */
		B81FC82E1BAE2D8E006B2982 /* Main.storyboard */ = {
			isa = PBXVariantGroup;
			children = (
				B81FC82F1BAE2D8E006B2982 /* Base */,
			);
			name = Main.storyboard;
			sourceTree = "<group>";
		};
		B81FC8361BAE2D8E006B2982 /* LaunchScreen.storyboard */ = {
			isa = PBXVariantGroup;
			children = (
				B81FC8371BAE2D8E006B2982 /* Base */,
			);
			name = LaunchScreen.storyboard;
			sourceTree = "<group>";
		};
/* End PBXVariantGroup section */

/* Begin XCBuildConfiguration section */
		B81FC8501BAE2D8E006B2982 /* Debug */ = {
			isa = XCBuildConfiguration;
			buildSettings = {
				ALWAYS_SEARCH_USER_PATHS = NO;
				CLANG_CXX_LANGUAGE_STANDARD = "gnu++0x";
				CLANG_CXX_LIBRARY = "libc++";
				CLANG_ENABLE_MODULES = YES;
				CLANG_ENABLE_OBJC_ARC = YES;
				CLANG_WARN_BOOL_CONVERSION = YES;
				CLANG_WARN_CONSTANT_CONVERSION = YES;
				CLANG_WARN_DIRECT_OBJC_ISA_USAGE = YES_ERROR;
				CLANG_WARN_EMPTY_BODY = YES;
				CLANG_WARN_ENUM_CONVERSION = YES;
				CLANG_WARN_INT_CONVERSION = YES;
				CLANG_WARN_OBJC_ROOT_CLASS = YES_ERROR;
				CLANG_WARN_UNREACHABLE_CODE = YES;
				CLANG_WARN__DUPLICATE_METHOD_MATCH = YES;
				"CODE_SIGN_IDENTITY[sdk=iphoneos*]" = "iPhone Developer";
				COPY_PHASE_STRIP = NO;
				DEBUG_INFORMATION_FORMAT = dwarf;
				ENABLE_STRICT_OBJC_MSGSEND = YES;
				ENABLE_TESTABILITY = YES;
				GCC_C_LANGUAGE_STANDARD = gnu99;
				GCC_DYNAMIC_NO_PIC = NO;
				GCC_NO_COMMON_BLOCKS = YES;
				GCC_OPTIMIZATION_LEVEL = 0;
				GCC_PREPROCESSOR_DEFINITIONS = (
					"DEBUG=1",
					"$(inherited)",
				);
				GCC_WARN_64_TO_32_BIT_CONVERSION = YES;
				GCC_WARN_ABOUT_RETURN_TYPE = YES_ERROR;
				GCC_WARN_UNDECLARED_SELECTOR = YES;
				GCC_WARN_UNINITIALIZED_AUTOS = YES_AGGRESSIVE;
				GCC_WARN_UNUSED_FUNCTION = YES;
				GCC_WARN_UNUSED_VARIABLE = YES;
				IPHONEOS_DEPLOYMENT_TARGET = 9.0;
				MTL_ENABLE_DEBUG_INFO = YES;
				ONLY_ACTIVE_ARCH = YES;
				SDKROOT = iphoneos;
				SWIFT_OPTIMIZATION_LEVEL = "-Onone";
				TARGETED_DEVICE_FAMILY = "1,2";
			};
			name = Debug;
		};
		B81FC8511BAE2D8E006B2982 /* Release */ = {
			isa = XCBuildConfiguration;
			buildSettings = {
				ALWAYS_SEARCH_USER_PATHS = NO;
				CLANG_CXX_LANGUAGE_STANDARD = "gnu++0x";
				CLANG_CXX_LIBRARY = "libc++";
				CLANG_ENABLE_MODULES = YES;
				CLANG_ENABLE_OBJC_ARC = YES;
				CLANG_WARN_BOOL_CONVERSION = YES;
				CLANG_WARN_CONSTANT_CONVERSION = YES;
				CLANG_WARN_DIRECT_OBJC_ISA_USAGE = YES_ERROR;
				CLANG_WARN_EMPTY_BODY = YES;
				CLANG_WARN_ENUM_CONVERSION = YES;
				CLANG_WARN_INT_CONVERSION = YES;
				CLANG_WARN_OBJC_ROOT_CLASS = YES_ERROR;
				CLANG_WARN_UNREACHABLE_CODE = YES;
				CLANG_WARN__DUPLICATE_METHOD_MATCH = YES;
				"CODE_SIGN_IDENTITY[sdk=iphoneos*]" = "iPhone Developer";
				COPY_PHASE_STRIP = NO;
				DEBUG_INFORMATION_FORMAT = "dwarf-with-dsym";
				ENABLE_NS_ASSERTIONS = NO;
				ENABLE_STRICT_OBJC_MSGSEND = YES;
				GCC_C_LANGUAGE_STANDARD = gnu99;
				GCC_NO_COMMON_BLOCKS = YES;
				GCC_WARN_64_TO_32_BIT_CONVERSION = YES;
				GCC_WARN_ABOUT_RETURN_TYPE = YES_ERROR;
				GCC_WARN_UNDECLARED_SELECTOR = YES;
				GCC_WARN_UNINITIALIZED_AUTOS = YES_AGGRESSIVE;
				GCC_WARN_UNUSED_FUNCTION = YES;
				GCC_WARN_UNUSED_VARIABLE = YES;
				IPHONEOS_DEPLOYMENT_TARGET = 9.0;
				MTL_ENABLE_DEBUG_INFO = NO;
				SDKROOT = iphoneos;
				TARGETED_DEVICE_FAMILY = "1,2";
				VALIDATE_PRODUCT = YES;
			};
			name = Release;
		};
		B81FC8531BAE2D8E006B2982 /* Debug */ = {
			isa = XCBuildConfiguration;
			baseConfigurationReference = EA783111DA9FD0BDE89CD4D6 /* Pods.debug.xcconfig */;
			buildSettings = {
				ASSETCATALOG_COMPILER_APPICON_NAME = AppIcon;
				CLANG_ENABLE_MODULES = YES;
				DEFINES_MODULE = YES;
				INFOPLIST_FILE = MolePeopleBrowser/Info.plist;
				LD_RUNPATH_SEARCH_PATHS = "$(inherited) @executable_path/Frameworks";
				PRODUCT_BUNDLE_IDENTIFIER = com.timnuwin.MolePeopleBrowser;
				PRODUCT_NAME = "$(TARGET_NAME)";
				SWIFT_OBJC_BRIDGING_HEADER = "../MolePeopleBrowsera/MolePeopleBrowser/MolePeopleBrowser-Bridging-Header.h";
				SWIFT_OPTIMIZATION_LEVEL = "-Onone";
			};
			name = Debug;
		};
		B81FC8541BAE2D8E006B2982 /* Release */ = {
			isa = XCBuildConfiguration;
			baseConfigurationReference = 985774156220125020EF0FA3 /* Pods.release.xcconfig */;
			buildSettings = {
				ASSETCATALOG_COMPILER_APPICON_NAME = AppIcon;
				CLANG_ENABLE_MODULES = YES;
				DEFINES_MODULE = YES;
				INFOPLIST_FILE = MolePeopleBrowser/Info.plist;
				LD_RUNPATH_SEARCH_PATHS = "$(inherited) @executable_path/Frameworks";
				PRODUCT_BUNDLE_IDENTIFIER = com.timnuwin.MolePeopleBrowser;
				PRODUCT_NAME = "$(TARGET_NAME)";
				SWIFT_OBJC_BRIDGING_HEADER = "../MolePeopleBrowsera/MolePeopleBrowser/MolePeopleBrowser-Bridging-Header.h";
			};
			name = Release;
		};
		B81FC8561BAE2D8E006B2982 /* Debug */ = {
			isa = XCBuildConfiguration;
			buildSettings = {
				BUNDLE_LOADER = "$(TEST_HOST)";
				INFOPLIST_FILE = MolePeopleBrowserTests/Info.plist;
				LD_RUNPATH_SEARCH_PATHS = "$(inherited) @executable_path/Frameworks @loader_path/Frameworks";
				PRODUCT_BUNDLE_IDENTIFIER = com.timnuwin.MolePeopleBrowserTests;
				PRODUCT_NAME = "$(TARGET_NAME)";
				TEST_HOST = "$(BUILT_PRODUCTS_DIR)/MolePeopleBrowser.app/MolePeopleBrowser";
			};
			name = Debug;
		};
		B81FC8571BAE2D8E006B2982 /* Release */ = {
			isa = XCBuildConfiguration;
			buildSettings = {
				BUNDLE_LOADER = "$(TEST_HOST)";
				INFOPLIST_FILE = MolePeopleBrowserTests/Info.plist;
				LD_RUNPATH_SEARCH_PATHS = "$(inherited) @executable_path/Frameworks @loader_path/Frameworks";
				PRODUCT_BUNDLE_IDENTIFIER = com.timnuwin.MolePeopleBrowserTests;
				PRODUCT_NAME = "$(TARGET_NAME)";
				TEST_HOST = "$(BUILT_PRODUCTS_DIR)/MolePeopleBrowser.app/MolePeopleBrowser";
			};
			name = Release;
		};
		B81FC8591BAE2D8E006B2982 /* Debug */ = {
			isa = XCBuildConfiguration;
			buildSettings = {
				INFOPLIST_FILE = MolePeopleBrowserUITests/Info.plist;
				LD_RUNPATH_SEARCH_PATHS = "$(inherited) @executable_path/Frameworks @loader_path/Frameworks";
				PRODUCT_BUNDLE_IDENTIFIER = com.timnuwin.MolePeopleBrowserUITests;
				PRODUCT_NAME = "$(TARGET_NAME)";
				TEST_TARGET_NAME = MolePeopleBrowser;
				USES_XCTRUNNER = YES;
			};
			name = Debug;
		};
		B81FC85A1BAE2D8E006B2982 /* Release */ = {
			isa = XCBuildConfiguration;
			buildSettings = {
				INFOPLIST_FILE = MolePeopleBrowserUITests/Info.plist;
				LD_RUNPATH_SEARCH_PATHS = "$(inherited) @executable_path/Frameworks @loader_path/Frameworks";
				PRODUCT_BUNDLE_IDENTIFIER = com.timnuwin.MolePeopleBrowserUITests;
				PRODUCT_NAME = "$(TARGET_NAME)";
				TEST_TARGET_NAME = MolePeopleBrowser;
				USES_XCTRUNNER = YES;
			};
			name = Release;
		};
/* End XCBuildConfiguration section */

/* Begin XCConfigurationList section */
		B81FC8221BAE2D8D006B2982 /* Build configuration list for PBXProject "MolePeopleBrowser" */ = {
			isa = XCConfigurationList;
			buildConfigurations = (
				B81FC8501BAE2D8E006B2982 /* Debug */,
				B81FC8511BAE2D8E006B2982 /* Release */,
			);
			defaultConfigurationIsVisible = 0;
			defaultConfigurationName = Release;
		};
		B81FC8521BAE2D8E006B2982 /* Build configuration list for PBXNativeTarget "MolePeopleBrowser" */ = {
			isa = XCConfigurationList;
			buildConfigurations = (
				B81FC8531BAE2D8E006B2982 /* Debug */,
				B81FC8541BAE2D8E006B2982 /* Release */,
			);
			defaultConfigurationIsVisible = 0;
			defaultConfigurationName = Release;
		};
		B81FC8551BAE2D8E006B2982 /* Build configuration list for PBXNativeTarget "MolePeopleBrowserTests" */ = {
			isa = XCConfigurationList;
			buildConfigurations = (
				B81FC8561BAE2D8E006B2982 /* Debug */,
				B81FC8571BAE2D8E006B2982 /* Release */,
			);
			defaultConfigurationIsVisible = 0;
			defaultConfigurationName = Release;
		};
		B81FC8581BAE2D8E006B2982 /* Build configuration list for PBXNativeTarget "MolePeopleBrowserUITests" */ = {
			isa = XCConfigurationList;
			buildConfigurations = (
				B81FC8591BAE2D8E006B2982 /* Debug */,
				B81FC85A1BAE2D8E006B2982 /* Release */,
			);
			defaultConfigurationIsVisible = 0;
			defaultConfigurationName = Release;
		};
/* End XCConfigurationList section */

/* Begin XCVersionGroup section */
		B81FC8311BAE2D8E006B2982 /* MolePeopleBrowser.xcdatamodeld */ = {
			isa = XCVersionGroup;
			children = (
				B81FC8321BAE2D8E006B2982 /* MolePeopleBrowser.xcdatamodel */,
			);
			currentVersion = B81FC8321BAE2D8E006B2982 /* MolePeopleBrowser.xcdatamodel */;
			name = MolePeopleBrowser.xcdatamodeld;
			path = ../../MolePeopleBrowser/MolePeopleBrowser/MolePeopleBrowser.xcdatamodeld;
			sourceTree = "<group>";
			versionGroupType = wrapper.xcdatamodel;
		};
/* End XCVersionGroup section */
	};
	rootObject = B81FC81F1BAE2D8D006B2982 /* Project object */;
}
