// !$*UTF8*$!
{
	archiveVersion = 1;
	classes = {
	};
	objectVersion = 46;
	objects = {

/* Begin PBXBuildFile section */
		21298FC3E47AC4027C7A9035 /* Pods.framework in Frameworks */ = {isa = PBXBuildFile; fileRef = ABE5CCF1EE3877D825EA2BA4 /* Pods.framework */; };
		3E955090A824489C97B61F95 /* Pods_OwlOrbit.framework in Frameworks */ = {isa = PBXBuildFile; fileRef = B09F0BF50D7646F2FD7E75B5 /* Pods_OwlOrbit.framework */; };
		B804C6CE1C16A4920076F81B /* NSDate+NVTimeAgo.m in Sources */ = {isa = PBXBuildFile; fileRef = B804C6CD1C16A4920076F81B /* NSDate+NVTimeAgo.m */; };
		B804C6D01C17BB0D0076F81B /* UserPointAnnotation.swift in Sources */ = {isa = PBXBuildFile; fileRef = B804C6CF1C17BB0D0076F81B /* UserPointAnnotation.swift */; };
		B8068B631C20F95D00EE00CA /* FriendRequestViewController.swift in Sources */ = {isa = PBXBuildFile; fileRef = B8068B611C20F95D00EE00CA /* FriendRequestViewController.swift */; };
		B8068B641C20F95D00EE00CA /* FriendRequestViewController.xib in Resources */ = {isa = PBXBuildFile; fileRef = B8068B621C20F95D00EE00CA /* FriendRequestViewController.xib */; };
		B8068B681C2129E300EE00CA /* UserProfileSearchTableViewCell.swift in Sources */ = {isa = PBXBuildFile; fileRef = B8068B661C2129E300EE00CA /* UserProfileSearchTableViewCell.swift */; };
		B8068B691C2129E300EE00CA /* UserProfileSearchTableViewCell.xib in Resources */ = {isa = PBXBuildFile; fileRef = B8068B671C2129E300EE00CA /* UserProfileSearchTableViewCell.xib */; };
		B8068B6D1C22364400EE00CA /* ProfileSettingImageUploadViewController.swift in Sources */ = {isa = PBXBuildFile; fileRef = B8068B6B1C22364400EE00CA /* ProfileSettingImageUploadViewController.swift */; };
		B8068B6E1C22364400EE00CA /* ProfileSettingImageUploadViewController.xib in Resources */ = {isa = PBXBuildFile; fileRef = B8068B6C1C22364400EE00CA /* ProfileSettingImageUploadViewController.xib */; };
		B8068B721C22379200EE00CA /* UserLogoutTableViewCell.swift in Sources */ = {isa = PBXBuildFile; fileRef = B8068B701C22379200EE00CA /* UserLogoutTableViewCell.swift */; };
		B8068B731C22379200EE00CA /* UserLogoutTableViewCell.xib in Resources */ = {isa = PBXBuildFile; fileRef = B8068B711C22379200EE00CA /* UserLogoutTableViewCell.xib */; };
		B815AA291C1E19020082E136 /* RoomAttributeManagedModel.swift in Sources */ = {isa = PBXBuildFile; fileRef = B815AA281C1E19020082E136 /* RoomAttributeManagedModel.swift */; };
		B815AA2B1C1E1BA90082E136 /* RoomManagedModel.swift in Sources */ = {isa = PBXBuildFile; fileRef = B815AA2A1C1E1BA90082E136 /* RoomManagedModel.swift */; };
		B815AA2D1C1E8DAC0082E136 /* GenericUserManagedModel.swift in Sources */ = {isa = PBXBuildFile; fileRef = B815AA2C1C1E8DAC0082E136 /* GenericUserManagedModel.swift */; };
		B866DFAD1C0579A000BF8A79 /* GenericUserModel.swift in Sources */ = {isa = PBXBuildFile; fileRef = B866DFAC1C0579A000BF8A79 /* GenericUserModel.swift */; };
		B866DFB11C061CA000BF8A79 /* UserSearchTableViewCell.swift in Sources */ = {isa = PBXBuildFile; fileRef = B866DFAF1C061CA000BF8A79 /* UserSearchTableViewCell.swift */; };
		B866DFB21C061CA000BF8A79 /* UserSearchTableViewCell.xib in Resources */ = {isa = PBXBuildFile; fileRef = B866DFB01C061CA000BF8A79 /* UserSearchTableViewCell.xib */; };
		B866DFBC1C0A8A8D00BF8A79 /* UserSearchPendingHeaderView.xib in Resources */ = {isa = PBXBuildFile; fileRef = B866DFBB1C0A8A8D00BF8A79 /* UserSearchPendingHeaderView.xib */; };
		B866DFBE1C0A92B000BF8A79 /* UserSearchPendingHeaderView.swift in Sources */ = {isa = PBXBuildFile; fileRef = B866DFBD1C0A92B000BF8A79 /* UserSearchPendingHeaderView.swift */; };
		B866DFC01C0B5F9200BF8A79 /* LocationApiHelper.swift in Sources */ = {isa = PBXBuildFile; fileRef = B866DFBF1C0B5F9200BF8A79 /* LocationApiHelper.swift */; };
		B866DFC21C0BC22A00BF8A79 /* ChatApiHelper.swift in Sources */ = {isa = PBXBuildFile; fileRef = B866DFC11C0BC22A00BF8A79 /* ChatApiHelper.swift */; };
		B866DFC41C0D22D100BF8A79 /* RoomApiHelper.swift in Sources */ = {isa = PBXBuildFile; fileRef = B866DFC31C0D22D100BF8A79 /* RoomApiHelper.swift */; };
		B866DFC61C0D266300BF8A79 /* RoomModel.swift in Sources */ = {isa = PBXBuildFile; fileRef = B866DFC51C0D266300BF8A79 /* RoomModel.swift */; };
		B866DFC81C0D2EDF00BF8A79 /* RoomAttributeModel.swift in Sources */ = {isa = PBXBuildFile; fileRef = B866DFC71C0D2EDF00BF8A79 /* RoomAttributeModel.swift */; };
		B866DFCB1C0E733300BF8A79 /* AUIAutoGrowingTextView.m in Sources */ = {isa = PBXBuildFile; fileRef = B866DFCA1C0E733300BF8A79 /* AUIAutoGrowingTextView.m */; };
		B866DFCE1C0E811C00BF8A79 /* ChatMapKeyboardView.swift in Sources */ = {isa = PBXBuildFile; fileRef = B866DFCD1C0E811C00BF8A79 /* ChatMapKeyboardView.swift */; };
		B866DFD01C0E812600BF8A79 /* ChatMapKeyboardView.xib in Resources */ = {isa = PBXBuildFile; fileRef = B866DFCF1C0E812600BF8A79 /* ChatMapKeyboardView.xib */; };
		B866DFD31C0EBA1900BF8A79 /* ProfileImageUploadViewController.swift in Sources */ = {isa = PBXBuildFile; fileRef = B866DFD11C0EBA1900BF8A79 /* ProfileImageUploadViewController.swift */; };
		B866DFD41C0EBA1900BF8A79 /* ProfileImageUploadViewController.xib in Resources */ = {isa = PBXBuildFile; fileRef = B866DFD21C0EBA1900BF8A79 /* ProfileImageUploadViewController.xib */; };
		B866DFD71C0FC80700BF8A79 /* ImageHelper.swift in Sources */ = {isa = PBXBuildFile; fileRef = B866DFD61C0FC80700BF8A79 /* ImageHelper.swift */; };
		B870CEBE1BF5752300F47929 /* ResetPasswordViewController.swift in Sources */ = {isa = PBXBuildFile; fileRef = B870CEBC1BF5752300F47929 /* ResetPasswordViewController.swift */; };
		B870CEBF1BF5752300F47929 /* ResetPasswordViewController.xib in Resources */ = {isa = PBXBuildFile; fileRef = B870CEBD1BF5752300F47929 /* ResetPasswordViewController.xib */; };
		B870CEC21BF5755800F47929 /* RegisterViewController.swift in Sources */ = {isa = PBXBuildFile; fileRef = B870CEC01BF5755800F47929 /* RegisterViewController.swift */; };
		B870CEC31BF5755800F47929 /* RegisterViewController.xib in Resources */ = {isa = PBXBuildFile; fileRef = B870CEC11BF5755800F47929 /* RegisterViewController.xib */; };
		B870CEC61BF5AF3800F47929 /* RegisterBasicInfoViewController.swift in Sources */ = {isa = PBXBuildFile; fileRef = B870CEC41BF5AF3800F47929 /* RegisterBasicInfoViewController.swift */; };
		B870CEC71BF5AF3800F47929 /* RegisterBasicInfoViewController.xib in Resources */ = {isa = PBXBuildFile; fileRef = B870CEC51BF5AF3800F47929 /* RegisterBasicInfoViewController.xib */; };
		B870CECC1BF96ECF00F47929 /* Registration1ValueTableViewCell.swift in Sources */ = {isa = PBXBuildFile; fileRef = B870CECA1BF96ECF00F47929 /* Registration1ValueTableViewCell.swift */; };
		B870CECD1BF96ECF00F47929 /* Registration1ValueTableViewCell.xib in Resources */ = {isa = PBXBuildFile; fileRef = B870CECB1BF96ECF00F47929 /* Registration1ValueTableViewCell.xib */; };
		B870CED01BF99EFA00F47929 /* RegistrationBasicInfoValueTableViewCell.swift in Sources */ = {isa = PBXBuildFile; fileRef = B870CECE1BF99EFA00F47929 /* RegistrationBasicInfoValueTableViewCell.swift */; };
		B870CED11BF99EFA00F47929 /* RegistrationBasicInfoValueTableViewCell.xib in Resources */ = {isa = PBXBuildFile; fileRef = B870CECF1BF99EFA00F47929 /* RegistrationBasicInfoValueTableViewCell.xib */; };
		B870CED51BFA9D2700F47929 /* LoginTableViewCell.swift in Sources */ = {isa = PBXBuildFile; fileRef = B870CED31BFA9D2700F47929 /* LoginTableViewCell.swift */; };
		B870CED61BFA9D2700F47929 /* LoginTableViewCell.xib in Resources */ = {isa = PBXBuildFile; fileRef = B870CED41BFA9D2700F47929 /* LoginTableViewCell.xib */; };
		B870CED81BFA9E4100F47929 /* LoginViewController.xib in Resources */ = {isa = PBXBuildFile; fileRef = B870CED71BFA9E4100F47929 /* LoginViewController.xib */; };
		B870CEE31BFAF47800F47929 /* RegistrationNextView.swift in Sources */ = {isa = PBXBuildFile; fileRef = B870CEE21BFAF47800F47929 /* RegistrationNextView.swift */; };
		B870CEE51BFAF48100F47929 /* RegistrationNextView.xib in Resources */ = {isa = PBXBuildFile; fileRef = B870CEE41BFAF48100F47929 /* RegistrationNextView.xib */; };
		B870CEEA1BFC00D800F47929 /* UIImage+Round.swift in Sources */ = {isa = PBXBuildFile; fileRef = B870CEE91BFC00D800F47929 /* UIImage+Round.swift */; };
		B870CEF11BFC093000F47929 /* CustomMapPin.swift in Sources */ = {isa = PBXBuildFile; fileRef = B870CEF01BFC093000F47929 /* CustomMapPin.swift */; };
		B87654631C03F53F00190B9B /* WriteMessageViewController.swift in Sources */ = {isa = PBXBuildFile; fileRef = B87654611C03F53F00190B9B /* WriteMessageViewController.swift */; };
		B87654641C03F53F00190B9B /* WriteMessageViewController.xib in Resources */ = {isa = PBXBuildFile; fileRef = B87654621C03F53F00190B9B /* WriteMessageViewController.xib */; };
		B8792A2A1BEB15CE00BE05ED /* AppDelegate.swift in Sources */ = {isa = PBXBuildFile; fileRef = B8792A291BEB15CE00BE05ED /* AppDelegate.swift */; };
		B8792A2C1BEB15CE00BE05ED /* ViewController.swift in Sources */ = {isa = PBXBuildFile; fileRef = B8792A2B1BEB15CE00BE05ED /* ViewController.swift */; };
		B8792A321BEB15CE00BE05ED /* Sift.xcdatamodeld in Sources */ = {isa = PBXBuildFile; fileRef = B8792A301BEB15CE00BE05ED /* Sift.xcdatamodeld */; };
		B8792A341BEB15CE00BE05ED /* Assets.xcassets in Resources */ = {isa = PBXBuildFile; fileRef = B8792A331BEB15CE00BE05ED /* Assets.xcassets */; };
		B8792A371BEB15CE00BE05ED /* LaunchScreen.storyboard in Resources */ = {isa = PBXBuildFile; fileRef = B8792A351BEB15CE00BE05ED /* LaunchScreen.storyboard */; };
		B8792A421BEB15CE00BE05ED /* SiftTests.swift in Sources */ = {isa = PBXBuildFile; fileRef = B8792A411BEB15CE00BE05ED /* SiftTests.swift */; };
		B8792A4D1BEB15CE00BE05ED /* SiftUITests.swift in Sources */ = {isa = PBXBuildFile; fileRef = B8792A4C1BEB15CE00BE05ED /* SiftUITests.swift */; };
		B88213361C17F99E00E9469C /* LocationModel.swift in Sources */ = {isa = PBXBuildFile; fileRef = B88213351C17F99E00E9469C /* LocationModel.swift */; };
		B88213381C18FB3000E9469C /* String+ToDouble.swift in Sources */ = {isa = PBXBuildFile; fileRef = B88213371C18FB3000E9469C /* String+ToDouble.swift */; };
		B892D65A1C19051B0091F128 /* LoginKeyboardPrevView.swift in Sources */ = {isa = PBXBuildFile; fileRef = B892D6581C19051B0091F128 /* LoginKeyboardPrevView.swift */; };
		B892D65B1C19051B0091F128 /* LoginKeyboardPrevView.xib in Resources */ = {isa = PBXBuildFile; fileRef = B892D6591C19051B0091F128 /* LoginKeyboardPrevView.xib */; };
		B892D65E1C1A45700091F128 /* PreloadHomeViewController.swift in Sources */ = {isa = PBXBuildFile; fileRef = B892D65C1C1A45700091F128 /* PreloadHomeViewController.swift */; };
		B892D65F1C1A45700091F128 /* PreloadHomeViewController.xib in Resources */ = {isa = PBXBuildFile; fileRef = B892D65D1C1A45700091F128 /* PreloadHomeViewController.xib */; };
		B892D6611C1A4FD70091F128 /* FullScreenLoaderHelper.swift in Sources */ = {isa = PBXBuildFile; fileRef = B892D6601C1A4FD70091F128 /* FullScreenLoaderHelper.swift */; };
		B895A2AD1C545C7400B2A08D /* UILabel+ItalicBold.swift in Sources */ = {isa = PBXBuildFile; fileRef = B895A2AC1C545C7400B2A08D /* UILabel+ItalicBold.swift */; };
		B8B80EF81BF4102500CF4BB3 /* UICustomTabBarController.swift in Sources */ = {isa = PBXBuildFile; fileRef = B8B80EF61BF4102500CF4BB3 /* UICustomTabBarController.swift */; };
		B8B80EF91BF4102500CF4BB3 /* UICustomTabBarController.xib in Resources */ = {isa = PBXBuildFile; fileRef = B8B80EF71BF4102500CF4BB3 /* UICustomTabBarController.xib */; };
		B8B80F011BF4182C00CF4BB3 /* MapKit.framework in Frameworks */ = {isa = PBXBuildFile; fileRef = B8B80F001BF4182C00CF4BB3 /* MapKit.framework */; };
		B8B80F041BF452A500CF4BB3 /* SettingsViewController.swift in Sources */ = {isa = PBXBuildFile; fileRef = B8B80F021BF452A500CF4BB3 /* SettingsViewController.swift */; };
		B8B80F051BF452A500CF4BB3 /* SettingsViewController.xib in Resources */ = {isa = PBXBuildFile; fileRef = B8B80F031BF452A500CF4BB3 /* SettingsViewController.xib */; };
		B8BAD2571BF1794A00DC7F60 /* LoginViewController.swift in Sources */ = {isa = PBXBuildFile; fileRef = B8BAD2551BF1794A00DC7F60 /* LoginViewController.swift */; };
		B8BAD25B1BF17F6C00DC7F60 /* ChatThreadViewController.swift in Sources */ = {isa = PBXBuildFile; fileRef = B8BAD2591BF17F6C00DC7F60 /* ChatThreadViewController.swift */; };
		B8BAD25C1BF17F6C00DC7F60 /* ChatThreadViewController.xib in Resources */ = {isa = PBXBuildFile; fileRef = B8BAD25A1BF17F6C00DC7F60 /* ChatThreadViewController.xib */; };
		B8BAD2691BF1869C00DC7F60 /* DashboardViewController.swift in Sources */ = {isa = PBXBuildFile; fileRef = B8BAD2671BF1869C00DC7F60 /* DashboardViewController.swift */; };
		B8BAD26A1BF1869C00DC7F60 /* DashboardViewController.xib in Resources */ = {isa = PBXBuildFile; fileRef = B8BAD2681BF1869C00DC7F60 /* DashboardViewController.xib */; };
		B8BC48481C250C67006A345E /* QuartzCore.framework in Frameworks */ = {isa = PBXBuildFile; fileRef = B8BC48471C250C67006A345E /* QuartzCore.framework */; };
		B8BC48651C284363006A345E /* AudioToolbox.framework in Frameworks */ = {isa = PBXBuildFile; fileRef = B8BC48641C284363006A345E /* AudioToolbox.framework */; };
		B8BC48691C284827006A345E /* ChatTextMessageViewController.swift in Sources */ = {isa = PBXBuildFile; fileRef = B8BC48671C284827006A345E /* ChatTextMessageViewController.swift */; };
		B8BC486A1C284827006A345E /* ChatTextMessageViewController.xib in Resources */ = {isa = PBXBuildFile; fileRef = B8BC48681C284827006A345E /* ChatTextMessageViewController.xib */; };
		B8CAA48E1C11096B00EC2752 /* DynamicPersonalData.swift in Sources */ = {isa = PBXBuildFile; fileRef = B8CAA48D1C11096B00EC2752 /* DynamicPersonalData.swift */; };
		B8CAA4901C11343100EC2752 /* MessageModel.swift in Sources */ = {isa = PBXBuildFile; fileRef = B8CAA48F1C11343100EC2752 /* MessageModel.swift */; };
		B8CAA4921C1134F900EC2752 /* MessageCoreModel.swift in Sources */ = {isa = PBXBuildFile; fileRef = B8CAA4911C1134F900EC2752 /* MessageCoreModel.swift */; };
		B8CF9D531C3F4B6400E3898B /* UserManagedModel.swift in Sources */ = {isa = PBXBuildFile; fileRef = B8CF9D521C3F4B6400E3898B /* UserManagedModel.swift */; };
		B8E4E7D11BFC40E600995964 /* ReadMessageTableViewCell.swift in Sources */ = {isa = PBXBuildFile; fileRef = B8E4E7CF1BFC40E600995964 /* ReadMessageTableViewCell.swift */; };
		B8E4E7D21BFC40E600995964 /* ReadMessageTableViewCell.xib in Resources */ = {isa = PBXBuildFile; fileRef = B8E4E7D01BFC40E600995964 /* ReadMessageTableViewCell.xib */; };
		B8E4E7D51BFD488700995964 /* UserApiHelper.swift in Sources */ = {isa = PBXBuildFile; fileRef = B8E4E7D41BFD488700995964 /* UserApiHelper.swift */; };
		B8E4E7D71BFD4AE200995964 /* RegistrationUser.swift in Sources */ = {isa = PBXBuildFile; fileRef = B8E4E7D61BFD4AE200995964 /* RegistrationUser.swift */; };
		B8E4E7D91BFD4CEC00995964 /* AlertHelper.swift in Sources */ = {isa = PBXBuildFile; fileRef = B8E4E7D81BFD4CEC00995964 /* AlertHelper.swift */; };
		B8E4E7DB1BFD4F5F00995964 /* FormValidateHelper.swift in Sources */ = {isa = PBXBuildFile; fileRef = B8E4E7DA1BFD4F5F00995964 /* FormValidateHelper.swift */; };
		B8E4E7DD1BFD51F700995964 /* RegistrationSubmitKeyboardView.swift in Sources */ = {isa = PBXBuildFile; fileRef = B8E4E7DC1BFD51F700995964 /* RegistrationSubmitKeyboardView.swift */; };
		B8E4E7DF1BFD520200995964 /* RegistrationSubmitKeyboardView.xib in Resources */ = {isa = PBXBuildFile; fileRef = B8E4E7DE1BFD520200995964 /* RegistrationSubmitKeyboardView.xib */; };
		B8E4E7E11BFD80CE00995964 /* ProjectConstants.swift in Sources */ = {isa = PBXBuildFile; fileRef = B8E4E7E01BFD80CE00995964 /* ProjectConstants.swift */; };
		B8E4E7E31BFEB92000995964 /* PersonalUserModel.swift in Sources */ = {isa = PBXBuildFile; fileRef = B8E4E7E21BFEB92000995964 /* PersonalUserModel.swift */; };
		B8E4E7E51BFEDD0F00995964 /* CoreDataHelper.swift in Sources */ = {isa = PBXBuildFile; fileRef = B8E4E7E41BFEDD0F00995964 /* CoreDataHelper.swift */; };
		B8E4E7E71BFEDE6100995964 /* ApplicationManager.swift in Sources */ = {isa = PBXBuildFile; fileRef = B8E4E7E61BFEDE6100995964 /* ApplicationManager.swift */; };
		B8E4E7EC1C02B6CF00995964 /* EncryptUtil.swift in Sources */ = {isa = PBXBuildFile; fileRef = B8E4E7EB1C02B6CF00995964 /* EncryptUtil.swift */; };
/* End PBXBuildFile section */

/* Begin PBXContainerItemProxy section */
		B8792A3E1BEB15CE00BE05ED /* PBXContainerItemProxy */ = {
			isa = PBXContainerItemProxy;
			containerPortal = B8792A1E1BEB15CD00BE05ED /* Project object */;
			proxyType = 1;
			remoteGlobalIDString = B8792A251BEB15CE00BE05ED;
			remoteInfo = Sift;
		};
		B8792A491BEB15CE00BE05ED /* PBXContainerItemProxy */ = {
			isa = PBXContainerItemProxy;
			containerPortal = B8792A1E1BEB15CD00BE05ED /* Project object */;
			proxyType = 1;
			remoteGlobalIDString = B8792A251BEB15CE00BE05ED;
			remoteInfo = Sift;
		};
/* End PBXContainerItemProxy section */

/* Begin PBXFileReference section */
		35946F21B48C1DE6863F53BD /* Pods_Sift.framework */ = {isa = PBXFileReference; explicitFileType = wrapper.framework; includeInIndex = 0; path = Pods_Sift.framework; sourceTree = BUILT_PRODUCTS_DIR; };
		91601974A0D837B391AABADD /* Pods.debug.xcconfig */ = {isa = PBXFileReference; includeInIndex = 1; lastKnownFileType = text.xcconfig; name = Pods.debug.xcconfig; path = "Pods/Target Support Files/Pods/Pods.debug.xcconfig"; sourceTree = "<group>"; };
		ABE5CCF1EE3877D825EA2BA4 /* Pods.framework */ = {isa = PBXFileReference; explicitFileType = wrapper.framework; includeInIndex = 0; path = Pods.framework; sourceTree = BUILT_PRODUCTS_DIR; };
		B09F0BF50D7646F2FD7E75B5 /* Pods_OwlOrbit.framework */ = {isa = PBXFileReference; explicitFileType = wrapper.framework; includeInIndex = 0; path = Pods_OwlOrbit.framework; sourceTree = BUILT_PRODUCTS_DIR; };
		B804C6CC1C16A4920076F81B /* NSDate+NVTimeAgo.h */ = {isa = PBXFileReference; fileEncoding = 4; lastKnownFileType = sourcecode.c.h; path = "NSDate+NVTimeAgo.h"; sourceTree = "<group>"; };
		B804C6CD1C16A4920076F81B /* NSDate+NVTimeAgo.m */ = {isa = PBXFileReference; fileEncoding = 4; lastKnownFileType = sourcecode.c.objc; path = "NSDate+NVTimeAgo.m"; sourceTree = "<group>"; };
		B804C6CF1C17BB0D0076F81B /* UserPointAnnotation.swift */ = {isa = PBXFileReference; fileEncoding = 4; lastKnownFileType = sourcecode.swift; path = UserPointAnnotation.swift; sourceTree = "<group>"; };
		B8068B611C20F95D00EE00CA /* FriendRequestViewController.swift */ = {isa = PBXFileReference; fileEncoding = 4; lastKnownFileType = sourcecode.swift; path = FriendRequestViewController.swift; sourceTree = "<group>"; };
		B8068B621C20F95D00EE00CA /* FriendRequestViewController.xib */ = {isa = PBXFileReference; fileEncoding = 4; lastKnownFileType = file.xib; path = FriendRequestViewController.xib; sourceTree = "<group>"; };
		B8068B661C2129E300EE00CA /* UserProfileSearchTableViewCell.swift */ = {isa = PBXFileReference; fileEncoding = 4; lastKnownFileType = sourcecode.swift; path = UserProfileSearchTableViewCell.swift; sourceTree = "<group>"; };
		B8068B671C2129E300EE00CA /* UserProfileSearchTableViewCell.xib */ = {isa = PBXFileReference; fileEncoding = 4; lastKnownFileType = file.xib; path = UserProfileSearchTableViewCell.xib; sourceTree = "<group>"; };
		B8068B6B1C22364400EE00CA /* ProfileSettingImageUploadViewController.swift */ = {isa = PBXFileReference; fileEncoding = 4; lastKnownFileType = sourcecode.swift; path = ProfileSettingImageUploadViewController.swift; sourceTree = "<group>"; };
		B8068B6C1C22364400EE00CA /* ProfileSettingImageUploadViewController.xib */ = {isa = PBXFileReference; fileEncoding = 4; lastKnownFileType = file.xib; path = ProfileSettingImageUploadViewController.xib; sourceTree = "<group>"; };
		B8068B701C22379200EE00CA /* UserLogoutTableViewCell.swift */ = {isa = PBXFileReference; fileEncoding = 4; lastKnownFileType = sourcecode.swift; path = UserLogoutTableViewCell.swift; sourceTree = "<group>"; };
		B8068B711C22379200EE00CA /* UserLogoutTableViewCell.xib */ = {isa = PBXFileReference; fileEncoding = 4; lastKnownFileType = file.xib; path = UserLogoutTableViewCell.xib; sourceTree = "<group>"; };
		B815AA281C1E19020082E136 /* RoomAttributeManagedModel.swift */ = {isa = PBXFileReference; fileEncoding = 4; lastKnownFileType = sourcecode.swift; path = RoomAttributeManagedModel.swift; sourceTree = "<group>"; };
		B815AA2A1C1E1BA90082E136 /* RoomManagedModel.swift */ = {isa = PBXFileReference; fileEncoding = 4; lastKnownFileType = sourcecode.swift; path = RoomManagedModel.swift; sourceTree = "<group>"; };
		B815AA2C1C1E8DAC0082E136 /* GenericUserManagedModel.swift */ = {isa = PBXFileReference; fileEncoding = 4; lastKnownFileType = sourcecode.swift; path = GenericUserManagedModel.swift; sourceTree = "<group>"; };
		B866DFAC1C0579A000BF8A79 /* GenericUserModel.swift */ = {isa = PBXFileReference; fileEncoding = 4; lastKnownFileType = sourcecode.swift; path = GenericUserModel.swift; sourceTree = "<group>"; };
		B866DFAF1C061CA000BF8A79 /* UserSearchTableViewCell.swift */ = {isa = PBXFileReference; fileEncoding = 4; lastKnownFileType = sourcecode.swift; path = UserSearchTableViewCell.swift; sourceTree = "<group>"; };
		B866DFB01C061CA000BF8A79 /* UserSearchTableViewCell.xib */ = {isa = PBXFileReference; fileEncoding = 4; lastKnownFileType = file.xib; path = UserSearchTableViewCell.xib; sourceTree = "<group>"; };
		B866DFBB1C0A8A8D00BF8A79 /* UserSearchPendingHeaderView.xib */ = {isa = PBXFileReference; fileEncoding = 4; lastKnownFileType = file.xib; path = UserSearchPendingHeaderView.xib; sourceTree = "<group>"; };
		B866DFBD1C0A92B000BF8A79 /* UserSearchPendingHeaderView.swift */ = {isa = PBXFileReference; fileEncoding = 4; lastKnownFileType = sourcecode.swift; path = UserSearchPendingHeaderView.swift; sourceTree = "<group>"; };
		B866DFBF1C0B5F9200BF8A79 /* LocationApiHelper.swift */ = {isa = PBXFileReference; fileEncoding = 4; lastKnownFileType = sourcecode.swift; path = LocationApiHelper.swift; sourceTree = "<group>"; };
		B866DFC11C0BC22A00BF8A79 /* ChatApiHelper.swift */ = {isa = PBXFileReference; fileEncoding = 4; lastKnownFileType = sourcecode.swift; path = ChatApiHelper.swift; sourceTree = "<group>"; };
		B866DFC31C0D22D100BF8A79 /* RoomApiHelper.swift */ = {isa = PBXFileReference; fileEncoding = 4; lastKnownFileType = sourcecode.swift; path = RoomApiHelper.swift; sourceTree = "<group>"; };
		B866DFC51C0D266300BF8A79 /* RoomModel.swift */ = {isa = PBXFileReference; fileEncoding = 4; lastKnownFileType = sourcecode.swift; path = RoomModel.swift; sourceTree = "<group>"; };
		B866DFC71C0D2EDF00BF8A79 /* RoomAttributeModel.swift */ = {isa = PBXFileReference; fileEncoding = 4; lastKnownFileType = sourcecode.swift; path = RoomAttributeModel.swift; sourceTree = "<group>"; };
		B866DFC91C0E733300BF8A79 /* AUIAutoGrowingTextView.h */ = {isa = PBXFileReference; fileEncoding = 4; lastKnownFileType = sourcecode.c.h; path = AUIAutoGrowingTextView.h; sourceTree = "<group>"; };
		B866DFCA1C0E733300BF8A79 /* AUIAutoGrowingTextView.m */ = {isa = PBXFileReference; fileEncoding = 4; lastKnownFileType = sourcecode.c.objc; path = AUIAutoGrowingTextView.m; sourceTree = "<group>"; };
		B866DFCD1C0E811C00BF8A79 /* ChatMapKeyboardView.swift */ = {isa = PBXFileReference; fileEncoding = 4; lastKnownFileType = sourcecode.swift; path = ChatMapKeyboardView.swift; sourceTree = "<group>"; };
		B866DFCF1C0E812600BF8A79 /* ChatMapKeyboardView.xib */ = {isa = PBXFileReference; fileEncoding = 4; lastKnownFileType = file.xib; path = ChatMapKeyboardView.xib; sourceTree = "<group>"; };
		B866DFD11C0EBA1900BF8A79 /* ProfileImageUploadViewController.swift */ = {isa = PBXFileReference; fileEncoding = 4; lastKnownFileType = sourcecode.swift; path = ProfileImageUploadViewController.swift; sourceTree = "<group>"; };
		B866DFD21C0EBA1900BF8A79 /* ProfileImageUploadViewController.xib */ = {isa = PBXFileReference; fileEncoding = 4; lastKnownFileType = file.xib; path = ProfileImageUploadViewController.xib; sourceTree = "<group>"; };
		B866DFD61C0FC80700BF8A79 /* ImageHelper.swift */ = {isa = PBXFileReference; fileEncoding = 4; lastKnownFileType = sourcecode.swift; path = ImageHelper.swift; sourceTree = "<group>"; };
		B870CEBC1BF5752300F47929 /* ResetPasswordViewController.swift */ = {isa = PBXFileReference; fileEncoding = 4; lastKnownFileType = sourcecode.swift; path = ResetPasswordViewController.swift; sourceTree = "<group>"; };
		B870CEBD1BF5752300F47929 /* ResetPasswordViewController.xib */ = {isa = PBXFileReference; fileEncoding = 4; lastKnownFileType = file.xib; path = ResetPasswordViewController.xib; sourceTree = "<group>"; };
		B870CEC01BF5755800F47929 /* RegisterViewController.swift */ = {isa = PBXFileReference; fileEncoding = 4; lastKnownFileType = sourcecode.swift; path = RegisterViewController.swift; sourceTree = "<group>"; };
		B870CEC11BF5755800F47929 /* RegisterViewController.xib */ = {isa = PBXFileReference; fileEncoding = 4; lastKnownFileType = file.xib; path = RegisterViewController.xib; sourceTree = "<group>"; };
		B870CEC41BF5AF3800F47929 /* RegisterBasicInfoViewController.swift */ = {isa = PBXFileReference; fileEncoding = 4; lastKnownFileType = sourcecode.swift; path = RegisterBasicInfoViewController.swift; sourceTree = "<group>"; };
		B870CEC51BF5AF3800F47929 /* RegisterBasicInfoViewController.xib */ = {isa = PBXFileReference; fileEncoding = 4; lastKnownFileType = file.xib; path = RegisterBasicInfoViewController.xib; sourceTree = "<group>"; };
		B870CECA1BF96ECF00F47929 /* Registration1ValueTableViewCell.swift */ = {isa = PBXFileReference; fileEncoding = 4; lastKnownFileType = sourcecode.swift; path = Registration1ValueTableViewCell.swift; sourceTree = "<group>"; };
		B870CECB1BF96ECF00F47929 /* Registration1ValueTableViewCell.xib */ = {isa = PBXFileReference; fileEncoding = 4; lastKnownFileType = file.xib; path = Registration1ValueTableViewCell.xib; sourceTree = "<group>"; };
		B870CECE1BF99EFA00F47929 /* RegistrationBasicInfoValueTableViewCell.swift */ = {isa = PBXFileReference; fileEncoding = 4; lastKnownFileType = sourcecode.swift; path = RegistrationBasicInfoValueTableViewCell.swift; sourceTree = "<group>"; };
		B870CECF1BF99EFA00F47929 /* RegistrationBasicInfoValueTableViewCell.xib */ = {isa = PBXFileReference; fileEncoding = 4; lastKnownFileType = file.xib; path = RegistrationBasicInfoValueTableViewCell.xib; sourceTree = "<group>"; };
		B870CED31BFA9D2700F47929 /* LoginTableViewCell.swift */ = {isa = PBXFileReference; fileEncoding = 4; lastKnownFileType = sourcecode.swift; path = LoginTableViewCell.swift; sourceTree = "<group>"; };
		B870CED41BFA9D2700F47929 /* LoginTableViewCell.xib */ = {isa = PBXFileReference; fileEncoding = 4; lastKnownFileType = file.xib; path = LoginTableViewCell.xib; sourceTree = "<group>"; };
		B870CED71BFA9E4100F47929 /* LoginViewController.xib */ = {isa = PBXFileReference; fileEncoding = 4; lastKnownFileType = file.xib; path = LoginViewController.xib; sourceTree = "<group>"; };
		B870CEE21BFAF47800F47929 /* RegistrationNextView.swift */ = {isa = PBXFileReference; fileEncoding = 4; lastKnownFileType = sourcecode.swift; path = RegistrationNextView.swift; sourceTree = "<group>"; };
		B870CEE41BFAF48100F47929 /* RegistrationNextView.xib */ = {isa = PBXFileReference; fileEncoding = 4; lastKnownFileType = file.xib; path = RegistrationNextView.xib; sourceTree = "<group>"; };
		B870CEE91BFC00D800F47929 /* UIImage+Round.swift */ = {isa = PBXFileReference; fileEncoding = 4; lastKnownFileType = sourcecode.swift; path = "UIImage+Round.swift"; sourceTree = "<group>"; };
		B870CEF01BFC093000F47929 /* CustomMapPin.swift */ = {isa = PBXFileReference; fileEncoding = 4; lastKnownFileType = sourcecode.swift; path = CustomMapPin.swift; sourceTree = "<group>"; };
		B87654611C03F53F00190B9B /* WriteMessageViewController.swift */ = {isa = PBXFileReference; fileEncoding = 4; lastKnownFileType = sourcecode.swift; path = WriteMessageViewController.swift; sourceTree = "<group>"; };
		B87654621C03F53F00190B9B /* WriteMessageViewController.xib */ = {isa = PBXFileReference; fileEncoding = 4; lastKnownFileType = file.xib; path = WriteMessageViewController.xib; sourceTree = "<group>"; };
		B8792A261BEB15CE00BE05ED /* OwlOrbit.app */ = {isa = PBXFileReference; explicitFileType = wrapper.application; includeInIndex = 0; path = OwlOrbit.app; sourceTree = BUILT_PRODUCTS_DIR; };
		B8792A291BEB15CE00BE05ED /* AppDelegate.swift */ = {isa = PBXFileReference; lastKnownFileType = sourcecode.swift; path = AppDelegate.swift; sourceTree = "<group>"; };
		B8792A2B1BEB15CE00BE05ED /* ViewController.swift */ = {isa = PBXFileReference; lastKnownFileType = sourcecode.swift; path = ViewController.swift; sourceTree = "<group>"; };
		B8792A311BEB15CE00BE05ED /* Sift.xcdatamodel */ = {isa = PBXFileReference; lastKnownFileType = wrapper.xcdatamodel; path = Sift.xcdatamodel; sourceTree = "<group>"; };
		B8792A331BEB15CE00BE05ED /* Assets.xcassets */ = {isa = PBXFileReference; lastKnownFileType = folder.assetcatalog; path = Assets.xcassets; sourceTree = "<group>"; };
		B8792A361BEB15CE00BE05ED /* Base */ = {isa = PBXFileReference; lastKnownFileType = file.storyboard; name = Base; path = Base.lproj/LaunchScreen.storyboard; sourceTree = "<group>"; };
		B8792A381BEB15CE00BE05ED /* Info.plist */ = {isa = PBXFileReference; lastKnownFileType = text.plist.xml; path = Info.plist; sourceTree = "<group>"; };
		B8792A3D1BEB15CE00BE05ED /* OwlOrbitTests.xctest */ = {isa = PBXFileReference; explicitFileType = wrapper.cfbundle; includeInIndex = 0; path = OwlOrbitTests.xctest; sourceTree = BUILT_PRODUCTS_DIR; };
		B8792A411BEB15CE00BE05ED /* SiftTests.swift */ = {isa = PBXFileReference; lastKnownFileType = sourcecode.swift; path = SiftTests.swift; sourceTree = "<group>"; };
		B8792A431BEB15CE00BE05ED /* Info.plist */ = {isa = PBXFileReference; lastKnownFileType = text.plist.xml; path = Info.plist; sourceTree = "<group>"; };
		B8792A481BEB15CE00BE05ED /* OwlOrbitUITests.xctest */ = {isa = PBXFileReference; explicitFileType = wrapper.cfbundle; includeInIndex = 0; path = OwlOrbitUITests.xctest; sourceTree = BUILT_PRODUCTS_DIR; };
		B8792A4C1BEB15CE00BE05ED /* SiftUITests.swift */ = {isa = PBXFileReference; lastKnownFileType = sourcecode.swift; path = SiftUITests.swift; sourceTree = "<group>"; };
		B8792A4E1BEB15CE00BE05ED /* Info.plist */ = {isa = PBXFileReference; lastKnownFileType = text.plist.xml; path = Info.plist; sourceTree = "<group>"; };
		B88213351C17F99E00E9469C /* LocationModel.swift */ = {isa = PBXFileReference; fileEncoding = 4; lastKnownFileType = sourcecode.swift; path = LocationModel.swift; sourceTree = "<group>"; };
		B88213371C18FB3000E9469C /* String+ToDouble.swift */ = {isa = PBXFileReference; fileEncoding = 4; lastKnownFileType = sourcecode.swift; path = "String+ToDouble.swift"; sourceTree = "<group>"; };
		B892D6581C19051B0091F128 /* LoginKeyboardPrevView.swift */ = {isa = PBXFileReference; fileEncoding = 4; lastKnownFileType = sourcecode.swift; path = LoginKeyboardPrevView.swift; sourceTree = "<group>"; };
		B892D6591C19051B0091F128 /* LoginKeyboardPrevView.xib */ = {isa = PBXFileReference; fileEncoding = 4; lastKnownFileType = file.xib; path = LoginKeyboardPrevView.xib; sourceTree = "<group>"; };
		B892D65C1C1A45700091F128 /* PreloadHomeViewController.swift */ = {isa = PBXFileReference; fileEncoding = 4; lastKnownFileType = sourcecode.swift; path = PreloadHomeViewController.swift; sourceTree = "<group>"; };
		B892D65D1C1A45700091F128 /* PreloadHomeViewController.xib */ = {isa = PBXFileReference; fileEncoding = 4; lastKnownFileType = file.xib; path = PreloadHomeViewController.xib; sourceTree = "<group>"; };
		B892D6601C1A4FD70091F128 /* FullScreenLoaderHelper.swift */ = {isa = PBXFileReference; fileEncoding = 4; lastKnownFileType = sourcecode.swift; path = FullScreenLoaderHelper.swift; sourceTree = "<group>"; };
		B895A2AC1C545C7400B2A08D /* UILabel+ItalicBold.swift */ = {isa = PBXFileReference; fileEncoding = 4; lastKnownFileType = sourcecode.swift; path = "UILabel+ItalicBold.swift"; sourceTree = "<group>"; };
		B8B80EF61BF4102500CF4BB3 /* UICustomTabBarController.swift */ = {isa = PBXFileReference; fileEncoding = 4; lastKnownFileType = sourcecode.swift; path = UICustomTabBarController.swift; sourceTree = "<group>"; };
		B8B80EF71BF4102500CF4BB3 /* UICustomTabBarController.xib */ = {isa = PBXFileReference; fileEncoding = 4; lastKnownFileType = file.xib; path = UICustomTabBarController.xib; sourceTree = "<group>"; };
		B8B80EFD1BF414FC00CF4BB3 /* Sift-Bridging-Header.h */ = {isa = PBXFileReference; lastKnownFileType = sourcecode.c.h; path = "Sift-Bridging-Header.h"; sourceTree = "<group>"; };
		B8B80F001BF4182C00CF4BB3 /* MapKit.framework */ = {isa = PBXFileReference; lastKnownFileType = wrapper.framework; name = MapKit.framework; path = System/Library/Frameworks/MapKit.framework; sourceTree = SDKROOT; };
		B8B80F021BF452A500CF4BB3 /* SettingsViewController.swift */ = {isa = PBXFileReference; fileEncoding = 4; lastKnownFileType = sourcecode.swift; path = SettingsViewController.swift; sourceTree = "<group>"; };
		B8B80F031BF452A500CF4BB3 /* SettingsViewController.xib */ = {isa = PBXFileReference; fileEncoding = 4; lastKnownFileType = file.xib; path = SettingsViewController.xib; sourceTree = "<group>"; };
		B8BAD2551BF1794A00DC7F60 /* LoginViewController.swift */ = {isa = PBXFileReference; fileEncoding = 4; lastKnownFileType = sourcecode.swift; path = LoginViewController.swift; sourceTree = "<group>"; };
		B8BAD2591BF17F6C00DC7F60 /* ChatThreadViewController.swift */ = {isa = PBXFileReference; fileEncoding = 4; lastKnownFileType = sourcecode.swift; path = ChatThreadViewController.swift; sourceTree = "<group>"; };
		B8BAD25A1BF17F6C00DC7F60 /* ChatThreadViewController.xib */ = {isa = PBXFileReference; fileEncoding = 4; lastKnownFileType = file.xib; path = ChatThreadViewController.xib; sourceTree = "<group>"; };
		B8BAD2671BF1869C00DC7F60 /* DashboardViewController.swift */ = {isa = PBXFileReference; fileEncoding = 4; lastKnownFileType = sourcecode.swift; path = DashboardViewController.swift; sourceTree = "<group>"; };
		B8BAD2681BF1869C00DC7F60 /* DashboardViewController.xib */ = {isa = PBXFileReference; fileEncoding = 4; lastKnownFileType = file.xib; path = DashboardViewController.xib; sourceTree = "<group>"; };
		B8BC48471C250C67006A345E /* QuartzCore.framework */ = {isa = PBXFileReference; lastKnownFileType = wrapper.framework; name = QuartzCore.framework; path = System/Library/Frameworks/QuartzCore.framework; sourceTree = SDKROOT; };
		B8BC48641C284363006A345E /* AudioToolbox.framework */ = {isa = PBXFileReference; lastKnownFileType = wrapper.framework; name = AudioToolbox.framework; path = System/Library/Frameworks/AudioToolbox.framework; sourceTree = SDKROOT; };
		B8BC48671C284827006A345E /* ChatTextMessageViewController.swift */ = {isa = PBXFileReference; fileEncoding = 4; lastKnownFileType = sourcecode.swift; path = ChatTextMessageViewController.swift; sourceTree = "<group>"; };
		B8BC48681C284827006A345E /* ChatTextMessageViewController.xib */ = {isa = PBXFileReference; fileEncoding = 4; lastKnownFileType = file.xib; path = ChatTextMessageViewController.xib; sourceTree = "<group>"; };
		B8CAA48D1C11096B00EC2752 /* DynamicPersonalData.swift */ = {isa = PBXFileReference; fileEncoding = 4; lastKnownFileType = sourcecode.swift; path = DynamicPersonalData.swift; sourceTree = "<group>"; };
		B8CAA48F1C11343100EC2752 /* MessageModel.swift */ = {isa = PBXFileReference; fileEncoding = 4; lastKnownFileType = sourcecode.swift; path = MessageModel.swift; sourceTree = "<group>"; };
		B8CAA4911C1134F900EC2752 /* MessageCoreModel.swift */ = {isa = PBXFileReference; fileEncoding = 4; lastKnownFileType = sourcecode.swift; path = MessageCoreModel.swift; sourceTree = "<group>"; };
		B8CF9D521C3F4B6400E3898B /* UserManagedModel.swift */ = {isa = PBXFileReference; fileEncoding = 4; lastKnownFileType = sourcecode.swift; path = UserManagedModel.swift; sourceTree = "<group>"; };
		B8E4E7CF1BFC40E600995964 /* ReadMessageTableViewCell.swift */ = {isa = PBXFileReference; fileEncoding = 4; lastKnownFileType = sourcecode.swift; path = ReadMessageTableViewCell.swift; sourceTree = "<group>"; };
		B8E4E7D01BFC40E600995964 /* ReadMessageTableViewCell.xib */ = {isa = PBXFileReference; fileEncoding = 4; lastKnownFileType = file.xib; path = ReadMessageTableViewCell.xib; sourceTree = "<group>"; };
		B8E4E7D41BFD488700995964 /* UserApiHelper.swift */ = {isa = PBXFileReference; fileEncoding = 4; lastKnownFileType = sourcecode.swift; path = UserApiHelper.swift; sourceTree = "<group>"; };
		B8E4E7D61BFD4AE200995964 /* RegistrationUser.swift */ = {isa = PBXFileReference; fileEncoding = 4; lastKnownFileType = sourcecode.swift; path = RegistrationUser.swift; sourceTree = "<group>"; };
		B8E4E7D81BFD4CEC00995964 /* AlertHelper.swift */ = {isa = PBXFileReference; fileEncoding = 4; lastKnownFileType = sourcecode.swift; path = AlertHelper.swift; sourceTree = "<group>"; };
		B8E4E7DA1BFD4F5F00995964 /* FormValidateHelper.swift */ = {isa = PBXFileReference; fileEncoding = 4; lastKnownFileType = sourcecode.swift; path = FormValidateHelper.swift; sourceTree = "<group>"; };
		B8E4E7DC1BFD51F700995964 /* RegistrationSubmitKeyboardView.swift */ = {isa = PBXFileReference; fileEncoding = 4; lastKnownFileType = sourcecode.swift; path = RegistrationSubmitKeyboardView.swift; sourceTree = "<group>"; };
		B8E4E7DE1BFD520200995964 /* RegistrationSubmitKeyboardView.xib */ = {isa = PBXFileReference; fileEncoding = 4; lastKnownFileType = file.xib; path = RegistrationSubmitKeyboardView.xib; sourceTree = "<group>"; };
		B8E4E7E01BFD80CE00995964 /* ProjectConstants.swift */ = {isa = PBXFileReference; fileEncoding = 4; lastKnownFileType = sourcecode.swift; path = ProjectConstants.swift; sourceTree = "<group>"; };
		B8E4E7E21BFEB92000995964 /* PersonalUserModel.swift */ = {isa = PBXFileReference; fileEncoding = 4; lastKnownFileType = sourcecode.swift; path = PersonalUserModel.swift; sourceTree = "<group>"; };
		B8E4E7E41BFEDD0F00995964 /* CoreDataHelper.swift */ = {isa = PBXFileReference; fileEncoding = 4; lastKnownFileType = sourcecode.swift; path = CoreDataHelper.swift; sourceTree = "<group>"; };
		B8E4E7E61BFEDE6100995964 /* ApplicationManager.swift */ = {isa = PBXFileReference; fileEncoding = 4; lastKnownFileType = sourcecode.swift; path = ApplicationManager.swift; sourceTree = "<group>"; };
		B8E4E7EB1C02B6CF00995964 /* EncryptUtil.swift */ = {isa = PBXFileReference; fileEncoding = 4; lastKnownFileType = sourcecode.swift; path = EncryptUtil.swift; sourceTree = "<group>"; };
		CB8EA66DDDFFE4703014D83B /* Pods.release.xcconfig */ = {isa = PBXFileReference; includeInIndex = 1; lastKnownFileType = text.xcconfig; name = Pods.release.xcconfig; path = "Pods/Target Support Files/Pods/Pods.release.xcconfig"; sourceTree = "<group>"; };
/* End PBXFileReference section */

/* Begin PBXFrameworksBuildPhase section */
		B8792A231BEB15CE00BE05ED /* Frameworks */ = {
			isa = PBXFrameworksBuildPhase;
			buildActionMask = 2147483647;
			files = (
				B8BC48651C284363006A345E /* AudioToolbox.framework in Frameworks */,
				B8BC48481C250C67006A345E /* QuartzCore.framework in Frameworks */,
				B8B80F011BF4182C00CF4BB3 /* MapKit.framework in Frameworks */,
				21298FC3E47AC4027C7A9035 /* Pods.framework in Frameworks */,
				3E955090A824489C97B61F95 /* Pods_OwlOrbit.framework in Frameworks */,
			);
			runOnlyForDeploymentPostprocessing = 0;
		};
		B8792A3A1BEB15CE00BE05ED /* Frameworks */ = {
			isa = PBXFrameworksBuildPhase;
			buildActionMask = 2147483647;
			files = (
			);
			runOnlyForDeploymentPostprocessing = 0;
		};
		B8792A451BEB15CE00BE05ED /* Frameworks */ = {
			isa = PBXFrameworksBuildPhase;
			buildActionMask = 2147483647;
			files = (
			);
			runOnlyForDeploymentPostprocessing = 0;
		};
/* End PBXFrameworksBuildPhase section */

/* Begin PBXGroup section */
		A47F75AA7BBF8E4E58BD0708 /* Frameworks */ = {
			isa = PBXGroup;
			children = (
				B8BC48641C284363006A345E /* AudioToolbox.framework */,
				B8BC48471C250C67006A345E /* QuartzCore.framework */,
				B8B80F001BF4182C00CF4BB3 /* MapKit.framework */,
				ABE5CCF1EE3877D825EA2BA4 /* Pods.framework */,
				35946F21B48C1DE6863F53BD /* Pods_Sift.framework */,
				B09F0BF50D7646F2FD7E75B5 /* Pods_OwlOrbit.framework */,
			);
			name = Frameworks;
			sourceTree = "<group>";
		};
		B8068B651C2129DE00EE00CA /* Profile */ = {
			isa = PBXGroup;
			children = (
				B8068B661C2129E300EE00CA /* UserProfileSearchTableViewCell.swift */,
				B8068B671C2129E300EE00CA /* UserProfileSearchTableViewCell.xib */,
			);
			name = Profile;
			sourceTree = "<group>";
		};
		B8068B6A1C22348800EE00CA /* WriteMessage */ = {
			isa = PBXGroup;
			children = (
				B87654611C03F53F00190B9B /* WriteMessageViewController.swift */,
				B87654621C03F53F00190B9B /* WriteMessageViewController.xib */,
			);
			name = WriteMessage;
			sourceTree = "<group>";
		};
		B8068B6F1C22375B00EE00CA /* Settings */ = {
			isa = PBXGroup;
			children = (
				B8068B701C22379200EE00CA /* UserLogoutTableViewCell.swift */,
				B8068B711C22379200EE00CA /* UserLogoutTableViewCell.xib */,
				B8068B651C2129DE00EE00CA /* Profile */,
			);
			name = Settings;
			sourceTree = "<group>";
		};
		B866DFAE1C061C5B00BF8A79 /* UserList */ = {
			isa = PBXGroup;
			children = (
				B866DFBD1C0A92B000BF8A79 /* UserSearchPendingHeaderView.swift */,
				B866DFBB1C0A8A8D00BF8A79 /* UserSearchPendingHeaderView.xib */,
				B866DFAF1C061CA000BF8A79 /* UserSearchTableViewCell.swift */,
				B866DFB01C061CA000BF8A79 /* UserSearchTableViewCell.xib */,
			);
			name = UserList;
			sourceTree = "<group>";
		};
		B866DFCC1C0E80F800BF8A79 /* Chat */ = {
			isa = PBXGroup;
			children = (
				B866DFCD1C0E811C00BF8A79 /* ChatMapKeyboardView.swift */,
				B866DFCF1C0E812600BF8A79 /* ChatMapKeyboardView.xib */,
			);
			name = Chat;
			sourceTree = "<group>";
		};
		B866DFD51C0EBA3200BF8A79 /* ProfileViewController */ = {
			isa = PBXGroup;
			children = (
				B866DFD11C0EBA1900BF8A79 /* ProfileImageUploadViewController.swift */,
				B866DFD21C0EBA1900BF8A79 /* ProfileImageUploadViewController.xib */,
				B8068B6B1C22364400EE00CA /* ProfileSettingImageUploadViewController.swift */,
				B8068B6C1C22364400EE00CA /* ProfileSettingImageUploadViewController.xib */,
			);
			name = ProfileViewController;
			sourceTree = "<group>";
		};
		B870CEBB1BF5741B00F47929 /* Views */ = {
			isa = PBXGroup;
			children = (
				B870CEE61BFBF30700F47929 /* Map */,
				B870CED91BFAA91000F47929 /* Keyboards */,
				B870CEC81BF96E9900F47929 /* Cells */,
			);
			name = Views;
			sourceTree = "<group>";
		};
		B870CEC81BF96E9900F47929 /* Cells */ = {
			isa = PBXGroup;
			children = (
				B8068B6F1C22375B00EE00CA /* Settings */,
				B866DFAE1C061C5B00BF8A79 /* UserList */,
				B8E4E7CE1BFC40A800995964 /* Dashboard */,
				B870CED21BFA9D1200F47929 /* Login */,
				B870CEC91BF96E9E00F47929 /* Registration */,
			);
			name = Cells;
			sourceTree = "<group>";
		};
		B870CEC91BF96E9E00F47929 /* Registration */ = {
			isa = PBXGroup;
			children = (
				B870CECE1BF99EFA00F47929 /* RegistrationBasicInfoValueTableViewCell.swift */,
				B870CECF1BF99EFA00F47929 /* RegistrationBasicInfoValueTableViewCell.xib */,
				B870CECA1BF96ECF00F47929 /* Registration1ValueTableViewCell.swift */,
				B870CECB1BF96ECF00F47929 /* Registration1ValueTableViewCell.xib */,
			);
			name = Registration;
			sourceTree = "<group>";
		};
		B870CED21BFA9D1200F47929 /* Login */ = {
			isa = PBXGroup;
			children = (
				B870CED31BFA9D2700F47929 /* LoginTableViewCell.swift */,
				B870CED41BFA9D2700F47929 /* LoginTableViewCell.xib */,
			);
			name = Login;
			sourceTree = "<group>";
		};
		B870CED91BFAA91000F47929 /* Keyboards */ = {
			isa = PBXGroup;
			children = (
				B892D6571C1905160091F128 /* Login */,
				B866DFCC1C0E80F800BF8A79 /* Chat */,
				B870CEDA1BFAA91700F47929 /* Registration */,
			);
			name = Keyboards;
			sourceTree = "<group>";
		};
		B870CEDA1BFAA91700F47929 /* Registration */ = {
			isa = PBXGroup;
			children = (
				B870CEE21BFAF47800F47929 /* RegistrationNextView.swift */,
				B870CEE41BFAF48100F47929 /* RegistrationNextView.xib */,
				B8E4E7DC1BFD51F700995964 /* RegistrationSubmitKeyboardView.swift */,
				B8E4E7DE1BFD520200995964 /* RegistrationSubmitKeyboardView.xib */,
			);
			name = Registration;
			sourceTree = "<group>";
		};
		B870CEE61BFBF30700F47929 /* Map */ = {
			isa = PBXGroup;
			children = (
				B870CEE71BFBF31000F47929 /* Annotation */,
			);
			name = Map;
			sourceTree = "<group>";
		};
		B870CEE71BFBF31000F47929 /* Annotation */ = {
			isa = PBXGroup;
			children = (
			);
			name = Annotation;
			sourceTree = "<group>";
		};
		B870CEE81BFC008F00F47929 /* Helpers */ = {
			isa = PBXGroup;
			children = (
				B866DFC91C0E733300BF8A79 /* AUIAutoGrowingTextView.h */,
				B866DFCA1C0E733300BF8A79 /* AUIAutoGrowingTextView.m */,
				B804C6CC1C16A4920076F81B /* NSDate+NVTimeAgo.h */,
				B804C6CD1C16A4920076F81B /* NSDate+NVTimeAgo.m */,
				B870CEE91BFC00D800F47929 /* UIImage+Round.swift */,
				B8E4E7D81BFD4CEC00995964 /* AlertHelper.swift */,
				B8E4E7DA1BFD4F5F00995964 /* FormValidateHelper.swift */,
				B8E4E7E41BFEDD0F00995964 /* CoreDataHelper.swift */,
				B8E4E7E61BFEDE6100995964 /* ApplicationManager.swift */,
				B8E4E7EB1C02B6CF00995964 /* EncryptUtil.swift */,
				B866DFD61C0FC80700BF8A79 /* ImageHelper.swift */,
				B88213371C18FB3000E9469C /* String+ToDouble.swift */,
				B892D6601C1A4FD70091F128 /* FullScreenLoaderHelper.swift */,
				B895A2AC1C545C7400B2A08D /* UILabel+ItalicBold.swift */,
			);
			name = Helpers;
			sourceTree = "<group>";
		};
		B8792A1D1BEB15CD00BE05ED = {
			isa = PBXGroup;
			children = (
				B8792A281BEB15CE00BE05ED /* Owl Orbit */,
				B8792A401BEB15CE00BE05ED /* SiftTests */,
				B8792A4B1BEB15CE00BE05ED /* SiftUITests */,
				B8792A271BEB15CE00BE05ED /* Products */,
				CEFA435EA322FF036A6DBA3E /* Pods */,
				A47F75AA7BBF8E4E58BD0708 /* Frameworks */,
			);
			sourceTree = "<group>";
		};
		B8792A271BEB15CE00BE05ED /* Products */ = {
			isa = PBXGroup;
			children = (
				B8792A261BEB15CE00BE05ED /* OwlOrbit.app */,
				B8792A3D1BEB15CE00BE05ED /* OwlOrbitTests.xctest */,
				B8792A481BEB15CE00BE05ED /* OwlOrbitUITests.xctest */,
			);
			name = Products;
			sourceTree = "<group>";
		};
		B8792A281BEB15CE00BE05ED /* Owl Orbit */ = {
			isa = PBXGroup;
			children = (
				B8E4E7D31BFD487200995964 /* API */,
				B870CEE81BFC008F00F47929 /* Helpers */,
				B870CEBB1BF5741B00F47929 /* Views */,
				B8B80EFA1BF4146300CF4BB3 /* Resources */,
				B8BAD25D1BF180C500DC7F60 /* Models */,
				B8BAD2501BF178A500DC7F60 /* ViewControllers */,
				B8792A291BEB15CE00BE05ED /* AppDelegate.swift */,
				B8792A2B1BEB15CE00BE05ED /* ViewController.swift */,
				B8792A331BEB15CE00BE05ED /* Assets.xcassets */,
				B8792A351BEB15CE00BE05ED /* LaunchScreen.storyboard */,
				B8792A381BEB15CE00BE05ED /* Info.plist */,
			);
			name = "Owl Orbit";
			path = Sift;
			sourceTree = "<group>";
		};
		B8792A401BEB15CE00BE05ED /* SiftTests */ = {
			isa = PBXGroup;
			children = (
				B8792A411BEB15CE00BE05ED /* SiftTests.swift */,
				B8792A431BEB15CE00BE05ED /* Info.plist */,
			);
			path = SiftTests;
			sourceTree = "<group>";
		};
		B8792A4B1BEB15CE00BE05ED /* SiftUITests */ = {
			isa = PBXGroup;
			children = (
				B8792A4C1BEB15CE00BE05ED /* SiftUITests.swift */,
				B8792A4E1BEB15CE00BE05ED /* Info.plist */,
			);
			path = SiftUITests;
			sourceTree = "<group>";
		};
		B892D6571C1905160091F128 /* Login */ = {
			isa = PBXGroup;
			children = (
				B892D6581C19051B0091F128 /* LoginKeyboardPrevView.swift */,
				B892D6591C19051B0091F128 /* LoginKeyboardPrevView.xib */,
			);
			name = Login;
			sourceTree = "<group>";
		};
		B8B80EFA1BF4146300CF4BB3 /* Resources */ = {
			isa = PBXGroup;
			children = (
				B8E4E7E01BFD80CE00995964 /* ProjectConstants.swift */,
				B8B80EFD1BF414FC00CF4BB3 /* Sift-Bridging-Header.h */,
			);
			name = Resources;
			sourceTree = "<group>";
		};
		B8BAD2501BF178A500DC7F60 /* ViewControllers */ = {
			isa = PBXGroup;
			children = (
				B866DFD51C0EBA3200BF8A79 /* ProfileViewController */,
				B8BAD25E1BF181EA00DC7F60 /* DashboardViewController */,
				B8BAD2531BF178D400DC7F60 /* ChatViewController */,
				B8BAD2541BF1791500DC7F60 /* LoginViewController */,
			);
			name = ViewControllers;
			sourceTree = "<group>";
		};
		B8BAD2531BF178D400DC7F60 /* ChatViewController */ = {
			isa = PBXGroup;
			children = (
				B8BC48671C284827006A345E /* ChatTextMessageViewController.swift */,
				B8BC48681C284827006A345E /* ChatTextMessageViewController.xib */,
				B8BAD2591BF17F6C00DC7F60 /* ChatThreadViewController.swift */,
				B8BAD25A1BF17F6C00DC7F60 /* ChatThreadViewController.xib */,
			);
			name = ChatViewController;
			sourceTree = "<group>";
		};
		B8BAD2541BF1791500DC7F60 /* LoginViewController */ = {
			isa = PBXGroup;
			children = (
				B8BAD2551BF1794A00DC7F60 /* LoginViewController.swift */,
				B870CED71BFA9E4100F47929 /* LoginViewController.xib */,
				B870CEBC1BF5752300F47929 /* ResetPasswordViewController.swift */,
				B870CEBD1BF5752300F47929 /* ResetPasswordViewController.xib */,
				B870CEC01BF5755800F47929 /* RegisterViewController.swift */,
				B870CEC11BF5755800F47929 /* RegisterViewController.xib */,
				B870CEC41BF5AF3800F47929 /* RegisterBasicInfoViewController.swift */,
				B870CEC51BF5AF3800F47929 /* RegisterBasicInfoViewController.xib */,
				B892D65C1C1A45700091F128 /* PreloadHomeViewController.swift */,
				B892D65D1C1A45700091F128 /* PreloadHomeViewController.xib */,
			);
			name = LoginViewController;
			sourceTree = "<group>";
		};
		B8BAD25D1BF180C500DC7F60 /* Models */ = {
			isa = PBXGroup;
			children = (
				B8792A301BEB15CE00BE05ED /* Sift.xcdatamodeld */,
				B870CEF01BFC093000F47929 /* CustomMapPin.swift */,
				B8E4E7D61BFD4AE200995964 /* RegistrationUser.swift */,
				B8E4E7E21BFEB92000995964 /* PersonalUserModel.swift */,
				B866DFAC1C0579A000BF8A79 /* GenericUserModel.swift */,
				B866DFC51C0D266300BF8A79 /* RoomModel.swift */,
				B866DFC71C0D2EDF00BF8A79 /* RoomAttributeModel.swift */,
				B8CAA48D1C11096B00EC2752 /* DynamicPersonalData.swift */,
				B8CAA48F1C11343100EC2752 /* MessageModel.swift */,
				B8CAA4911C1134F900EC2752 /* MessageCoreModel.swift */,
				B804C6CF1C17BB0D0076F81B /* UserPointAnnotation.swift */,
				B88213351C17F99E00E9469C /* LocationModel.swift */,
				B815AA281C1E19020082E136 /* RoomAttributeManagedModel.swift */,
				B815AA2A1C1E1BA90082E136 /* RoomManagedModel.swift */,
				B815AA2C1C1E8DAC0082E136 /* GenericUserManagedModel.swift */,
				B8CF9D521C3F4B6400E3898B /* UserManagedModel.swift */,
			);
			name = Models;
			sourceTree = "<group>";
		};
		B8BAD25E1BF181EA00DC7F60 /* DashboardViewController */ = {
			isa = PBXGroup;
			children = (
				B8068B6A1C22348800EE00CA /* WriteMessage */,
				B8B80EF61BF4102500CF4BB3 /* UICustomTabBarController.swift */,
				B8B80EF71BF4102500CF4BB3 /* UICustomTabBarController.xib */,
				B8BAD2671BF1869C00DC7F60 /* DashboardViewController.swift */,
				B8BAD2681BF1869C00DC7F60 /* DashboardViewController.xib */,
				B8B80F021BF452A500CF4BB3 /* SettingsViewController.swift */,
				B8B80F031BF452A500CF4BB3 /* SettingsViewController.xib */,
				B8068B611C20F95D00EE00CA /* FriendRequestViewController.swift */,
				B8068B621C20F95D00EE00CA /* FriendRequestViewController.xib */,
			);
			name = DashboardViewController;
			sourceTree = "<group>";
		};
		B8E4E7CE1BFC40A800995964 /* Dashboard */ = {
			isa = PBXGroup;
			children = (
				B8E4E7CF1BFC40E600995964 /* ReadMessageTableViewCell.swift */,
				B8E4E7D01BFC40E600995964 /* ReadMessageTableViewCell.xib */,
			);
			name = Dashboard;
			sourceTree = "<group>";
		};
		B8E4E7D31BFD487200995964 /* API */ = {
			isa = PBXGroup;
			children = (
				B8E4E7D41BFD488700995964 /* UserApiHelper.swift */,
				B866DFBF1C0B5F9200BF8A79 /* LocationApiHelper.swift */,
				B866DFC11C0BC22A00BF8A79 /* ChatApiHelper.swift */,
				B866DFC31C0D22D100BF8A79 /* RoomApiHelper.swift */,
			);
			name = API;
			sourceTree = "<group>";
		};
		CEFA435EA322FF036A6DBA3E /* Pods */ = {
			isa = PBXGroup;
			children = (
				91601974A0D837B391AABADD /* Pods.debug.xcconfig */,
				CB8EA66DDDFFE4703014D83B /* Pods.release.xcconfig */,
			);
			name = Pods;
			sourceTree = "<group>";
		};
/* End PBXGroup section */

/* Begin PBXNativeTarget section */
		B8792A251BEB15CE00BE05ED /* OwlOrbit */ = {
			isa = PBXNativeTarget;
			buildConfigurationList = B8792A511BEB15CE00BE05ED /* Build configuration list for PBXNativeTarget "OwlOrbit" */;
			buildPhases = (
				2A255307CDFB5246ABC95317 /* Check Pods Manifest.lock */,
				B8792A221BEB15CE00BE05ED /* Sources */,
				B8792A231BEB15CE00BE05ED /* Frameworks */,
				B8792A241BEB15CE00BE05ED /* Resources */,
				870206B63A65ECEAB9F1045A /* Embed Pods Frameworks */,
				A8165F553BEF927171B1B40D /* Copy Pods Resources */,
			);
			buildRules = (
			);
			dependencies = (
			);
			name = OwlOrbit;
			productName = Sift;
			productReference = B8792A261BEB15CE00BE05ED /* OwlOrbit.app */;
			productType = "com.apple.product-type.application";
		};
		B8792A3C1BEB15CE00BE05ED /* OwlOrbitTests */ = {
			isa = PBXNativeTarget;
			buildConfigurationList = B8792A541BEB15CE00BE05ED /* Build configuration list for PBXNativeTarget "OwlOrbitTests" */;
			buildPhases = (
				B8792A391BEB15CE00BE05ED /* Sources */,
				B8792A3A1BEB15CE00BE05ED /* Frameworks */,
				B8792A3B1BEB15CE00BE05ED /* Resources */,
			);
			buildRules = (
			);
			dependencies = (
				B8792A3F1BEB15CE00BE05ED /* PBXTargetDependency */,
			);
			name = OwlOrbitTests;
			productName = SiftTests;
			productReference = B8792A3D1BEB15CE00BE05ED /* OwlOrbitTests.xctest */;
			productType = "com.apple.product-type.bundle.unit-test";
		};
		B8792A471BEB15CE00BE05ED /* OwlOrbitUITests */ = {
			isa = PBXNativeTarget;
			buildConfigurationList = B8792A571BEB15CE00BE05ED /* Build configuration list for PBXNativeTarget "OwlOrbitUITests" */;
			buildPhases = (
				B8792A441BEB15CE00BE05ED /* Sources */,
				B8792A451BEB15CE00BE05ED /* Frameworks */,
				B8792A461BEB15CE00BE05ED /* Resources */,
			);
			buildRules = (
			);
			dependencies = (
				B8792A4A1BEB15CE00BE05ED /* PBXTargetDependency */,
			);
			name = OwlOrbitUITests;
			productName = SiftUITests;
			productReference = B8792A481BEB15CE00BE05ED /* OwlOrbitUITests.xctest */;
			productType = "com.apple.product-type.bundle.ui-testing";
		};
/* End PBXNativeTarget section */

/* Begin PBXProject section */
		B8792A1E1BEB15CD00BE05ED /* Project object */ = {
			isa = PBXProject;
			attributes = {
				LastSwiftUpdateCheck = 0710;
				LastUpgradeCheck = 0710;
				ORGANIZATIONNAME = "Tim Nuwin";
				TargetAttributes = {
					B8792A251BEB15CE00BE05ED = {
						CreatedOnToolsVersion = 7.1;
						DevelopmentTeam = DBA5RDVCJF;
						SystemCapabilities = {
							com.apple.Maps.iOS = {
								enabled = 1;
							};
							com.apple.Push = {
								enabled = 1;
							};
						};
					};
					B8792A3C1BEB15CE00BE05ED = {
						CreatedOnToolsVersion = 7.1;
						TestTargetID = B8792A251BEB15CE00BE05ED;
					};
					B8792A471BEB15CE00BE05ED = {
						CreatedOnToolsVersion = 7.1;
						TestTargetID = B8792A251BEB15CE00BE05ED;
					};
				};
			};
			buildConfigurationList = B8792A211BEB15CE00BE05ED /* Build configuration list for PBXProject "Owl Orbit" */;
			compatibilityVersion = "Xcode 3.2";
			developmentRegion = English;
			hasScannedForEncodings = 0;
			knownRegions = (
				en,
				Base,
			);
			mainGroup = B8792A1D1BEB15CD00BE05ED;
			productRefGroup = B8792A271BEB15CE00BE05ED /* Products */;
			projectDirPath = "";
			projectRoot = "";
			targets = (
				B8792A251BEB15CE00BE05ED /* OwlOrbit */,
				B8792A3C1BEB15CE00BE05ED /* OwlOrbitTests */,
				B8792A471BEB15CE00BE05ED /* OwlOrbitUITests */,
			);
		};
/* End PBXProject section */

/* Begin PBXResourcesBuildPhase section */
		B8792A241BEB15CE00BE05ED /* Resources */ = {
			isa = PBXResourcesBuildPhase;
			buildActionMask = 2147483647;
			files = (
				B8068B641C20F95D00EE00CA /* FriendRequestViewController.xib in Resources */,
				B8B80EF91BF4102500CF4BB3 /* UICustomTabBarController.xib in Resources */,
				B8BAD25C1BF17F6C00DC7F60 /* ChatThreadViewController.xib in Resources */,
				B870CEE51BFAF48100F47929 /* RegistrationNextView.xib in Resources */,
				B870CEC71BF5AF3800F47929 /* RegisterBasicInfoViewController.xib in Resources */,
				B8792A371BEB15CE00BE05ED /* LaunchScreen.storyboard in Resources */,
				B8792A341BEB15CE00BE05ED /* Assets.xcassets in Resources */,
				B866DFD01C0E812600BF8A79 /* ChatMapKeyboardView.xib in Resources */,
				B8E4E7DF1BFD520200995964 /* RegistrationSubmitKeyboardView.xib in Resources */,
				B866DFD41C0EBA1900BF8A79 /* ProfileImageUploadViewController.xib in Resources */,
				B870CEC31BF5755800F47929 /* RegisterViewController.xib in Resources */,
				B870CEBF1BF5752300F47929 /* ResetPasswordViewController.xib in Resources */,
				B8068B6E1C22364400EE00CA /* ProfileSettingImageUploadViewController.xib in Resources */,
				B8068B731C22379200EE00CA /* UserLogoutTableViewCell.xib in Resources */,
				B866DFBC1C0A8A8D00BF8A79 /* UserSearchPendingHeaderView.xib in Resources */,
				B8E4E7D21BFC40E600995964 /* ReadMessageTableViewCell.xib in Resources */,
				B866DFB21C061CA000BF8A79 /* UserSearchTableViewCell.xib in Resources */,
				B8B80F051BF452A500CF4BB3 /* SettingsViewController.xib in Resources */,
				B870CED11BF99EFA00F47929 /* RegistrationBasicInfoValueTableViewCell.xib in Resources */,
				B870CED81BFA9E4100F47929 /* LoginViewController.xib in Resources */,
				B870CED61BFA9D2700F47929 /* LoginTableViewCell.xib in Resources */,
				B870CECD1BF96ECF00F47929 /* Registration1ValueTableViewCell.xib in Resources */,
				B8BC486A1C284827006A345E /* ChatTextMessageViewController.xib in Resources */,
				B892D65F1C1A45700091F128 /* PreloadHomeViewController.xib in Resources */,
				B8BAD26A1BF1869C00DC7F60 /* DashboardViewController.xib in Resources */,
				B8068B691C2129E300EE00CA /* UserProfileSearchTableViewCell.xib in Resources */,
				B87654641C03F53F00190B9B /* WriteMessageViewController.xib in Resources */,
				B892D65B1C19051B0091F128 /* LoginKeyboardPrevView.xib in Resources */,
			);
			runOnlyForDeploymentPostprocessing = 0;
		};
		B8792A3B1BEB15CE00BE05ED /* Resources */ = {
			isa = PBXResourcesBuildPhase;
			buildActionMask = 2147483647;
			files = (
			);
			runOnlyForDeploymentPostprocessing = 0;
		};
		B8792A461BEB15CE00BE05ED /* Resources */ = {
			isa = PBXResourcesBuildPhase;
			buildActionMask = 2147483647;
			files = (
			);
			runOnlyForDeploymentPostprocessing = 0;
		};
/* End PBXResourcesBuildPhase section */

/* Begin PBXShellScriptBuildPhase section */
		2A255307CDFB5246ABC95317 /* Check Pods Manifest.lock */ = {
			isa = PBXShellScriptBuildPhase;
			buildActionMask = 2147483647;
			files = (
			);
			inputPaths = (
			);
			name = "Check Pods Manifest.lock";
			outputPaths = (
			);
			runOnlyForDeploymentPostprocessing = 0;
			shellPath = /bin/sh;
			shellScript = "diff \"${PODS_ROOT}/../Podfile.lock\" \"${PODS_ROOT}/Manifest.lock\" > /dev/null\nif [[ $? != 0 ]] ; then\n    cat << EOM\nerror: The sandbox is not in sync with the Podfile.lock. Run 'pod install' or update your CocoaPods installation.\nEOM\n    exit 1\nfi\n";
			showEnvVarsInLog = 0;
		};
		870206B63A65ECEAB9F1045A /* Embed Pods Frameworks */ = {
			isa = PBXShellScriptBuildPhase;
			buildActionMask = 2147483647;
			files = (
			);
			inputPaths = (
			);
			name = "Embed Pods Frameworks";
			outputPaths = (
			);
			runOnlyForDeploymentPostprocessing = 0;
			shellPath = /bin/sh;
			shellScript = "\"${SRCROOT}/Pods/Target Support Files/Pods-OwlOrbit/Pods-OwlOrbit-frameworks.sh\"\n";
			showEnvVarsInLog = 0;
		};
		A8165F553BEF927171B1B40D /* Copy Pods Resources */ = {
			isa = PBXShellScriptBuildPhase;
			buildActionMask = 2147483647;
			files = (
			);
			inputPaths = (
			);
			name = "Copy Pods Resources";
			outputPaths = (
			);
			runOnlyForDeploymentPostprocessing = 0;
			shellPath = /bin/sh;
			shellScript = "\"${SRCROOT}/Pods/Target Support Files/Pods-OwlOrbit/Pods-OwlOrbit-resources.sh\"\n";
			showEnvVarsInLog = 0;
		};
/* End PBXShellScriptBuildPhase section */

/* Begin PBXSourcesBuildPhase section */
		B8792A221BEB15CE00BE05ED /* Sources */ = {
			isa = PBXSourcesBuildPhase;
			buildActionMask = 2147483647;
			files = (
				B815AA2D1C1E8DAC0082E136 /* GenericUserManagedModel.swift in Sources */,
				B8E4E7E71BFEDE6100995964 /* ApplicationManager.swift in Sources */,
				B870CEBE1BF5752300F47929 /* ResetPasswordViewController.swift in Sources */,
				B870CEC21BF5755800F47929 /* RegisterViewController.swift in Sources */,
				B870CEEA1BFC00D800F47929 /* UIImage+Round.swift in Sources */,
				B866DFC01C0B5F9200BF8A79 /* LocationApiHelper.swift in Sources */,
				B8E4E7D71BFD4AE200995964 /* RegistrationUser.swift in Sources */,
				B870CECC1BF96ECF00F47929 /* Registration1ValueTableViewCell.swift in Sources */,
				B892D65E1C1A45700091F128 /* PreloadHomeViewController.swift in Sources */,
				B870CEE31BFAF47800F47929 /* RegistrationNextView.swift in Sources */,
				B8068B721C22379200EE00CA /* UserLogoutTableViewCell.swift in Sources */,
				B8CF9D531C3F4B6400E3898B /* UserManagedModel.swift in Sources */,
				B866DFC41C0D22D100BF8A79 /* RoomApiHelper.swift in Sources */,
				B892D6611C1A4FD70091F128 /* FullScreenLoaderHelper.swift in Sources */,
				B870CED01BF99EFA00F47929 /* RegistrationBasicInfoValueTableViewCell.swift in Sources */,
				B87654631C03F53F00190B9B /* WriteMessageViewController.swift in Sources */,
				B8E4E7DB1BFD4F5F00995964 /* FormValidateHelper.swift in Sources */,
				B8068B631C20F95D00EE00CA /* FriendRequestViewController.swift in Sources */,
				B866DFC81C0D2EDF00BF8A79 /* RoomAttributeModel.swift in Sources */,
				B8CAA48E1C11096B00EC2752 /* DynamicPersonalData.swift in Sources */,
				B8E4E7E51BFEDD0F00995964 /* CoreDataHelper.swift in Sources */,
				B8E4E7E31BFEB92000995964 /* PersonalUserModel.swift in Sources */,
				B866DFAD1C0579A000BF8A79 /* GenericUserModel.swift in Sources */,
				B892D65A1C19051B0091F128 /* LoginKeyboardPrevView.swift in Sources */,
				B8B80EF81BF4102500CF4BB3 /* UICustomTabBarController.swift in Sources */,
				B866DFBE1C0A92B000BF8A79 /* UserSearchPendingHeaderView.swift in Sources */,
				B8068B681C2129E300EE00CA /* UserProfileSearchTableViewCell.swift in Sources */,
				B8BAD2571BF1794A00DC7F60 /* LoginViewController.swift in Sources */,
				B866DFD71C0FC80700BF8A79 /* ImageHelper.swift in Sources */,
				B870CEF11BFC093000F47929 /* CustomMapPin.swift in Sources */,
				B8BAD2691BF1869C00DC7F60 /* DashboardViewController.swift in Sources */,
				B895A2AD1C545C7400B2A08D /* UILabel+ItalicBold.swift in Sources */,
				B866DFC61C0D266300BF8A79 /* RoomModel.swift in Sources */,
				B8E4E7EC1C02B6CF00995964 /* EncryptUtil.swift in Sources */,
				B8068B6D1C22364400EE00CA /* ProfileSettingImageUploadViewController.swift in Sources */,
				B8792A2C1BEB15CE00BE05ED /* ViewController.swift in Sources */,
				B8E4E7D11BFC40E600995964 /* ReadMessageTableViewCell.swift in Sources */,
				B866DFD31C0EBA1900BF8A79 /* ProfileImageUploadViewController.swift in Sources */,
				B8BAD25B1BF17F6C00DC7F60 /* ChatThreadViewController.swift in Sources */,
				B88213361C17F99E00E9469C /* LocationModel.swift in Sources */,
				B8E4E7D51BFD488700995964 /* UserApiHelper.swift in Sources */,
				B866DFC21C0BC22A00BF8A79 /* ChatApiHelper.swift in Sources */,
				B88213381C18FB3000E9469C /* String+ToDouble.swift in Sources */,
				B866DFB11C061CA000BF8A79 /* UserSearchTableViewCell.swift in Sources */,
				B870CED51BFA9D2700F47929 /* LoginTableViewCell.swift in Sources */,
				B866DFCB1C0E733300BF8A79 /* AUIAutoGrowingTextView.m in Sources */,
				B8792A2A1BEB15CE00BE05ED /* AppDelegate.swift in Sources */,
				B815AA2B1C1E1BA90082E136 /* RoomManagedModel.swift in Sources */,
				B866DFCE1C0E811C00BF8A79 /* ChatMapKeyboardView.swift in Sources */,
				B815AA291C1E19020082E136 /* RoomAttributeManagedModel.swift in Sources */,
				B8792A321BEB15CE00BE05ED /* Sift.xcdatamodeld in Sources */,
				B804C6CE1C16A4920076F81B /* NSDate+NVTimeAgo.m in Sources */,
				B8E4E7D91BFD4CEC00995964 /* AlertHelper.swift in Sources */,
				B8E4E7DD1BFD51F700995964 /* RegistrationSubmitKeyboardView.swift in Sources */,
				B8BC48691C284827006A345E /* ChatTextMessageViewController.swift in Sources */,
				B8E4E7E11BFD80CE00995964 /* ProjectConstants.swift in Sources */,
				B8CAA4921C1134F900EC2752 /* MessageCoreModel.swift in Sources */,
				B804C6D01C17BB0D0076F81B /* UserPointAnnotation.swift in Sources */,
				B870CEC61BF5AF3800F47929 /* RegisterBasicInfoViewController.swift in Sources */,
				B8B80F041BF452A500CF4BB3 /* SettingsViewController.swift in Sources */,
				B8CAA4901C11343100EC2752 /* MessageModel.swift in Sources */,
			);
			runOnlyForDeploymentPostprocessing = 0;
		};
		B8792A391BEB15CE00BE05ED /* Sources */ = {
			isa = PBXSourcesBuildPhase;
			buildActionMask = 2147483647;
			files = (
				B8792A421BEB15CE00BE05ED /* SiftTests.swift in Sources */,
			);
			runOnlyForDeploymentPostprocessing = 0;
		};
		B8792A441BEB15CE00BE05ED /* Sources */ = {
			isa = PBXSourcesBuildPhase;
			buildActionMask = 2147483647;
			files = (
				B8792A4D1BEB15CE00BE05ED /* SiftUITests.swift in Sources */,
			);
			runOnlyForDeploymentPostprocessing = 0;
		};
/* End PBXSourcesBuildPhase section */

/* Begin PBXTargetDependency section */
		B8792A3F1BEB15CE00BE05ED /* PBXTargetDependency */ = {
			isa = PBXTargetDependency;
			target = B8792A251BEB15CE00BE05ED /* OwlOrbit */;
			targetProxy = B8792A3E1BEB15CE00BE05ED /* PBXContainerItemProxy */;
		};
		B8792A4A1BEB15CE00BE05ED /* PBXTargetDependency */ = {
			isa = PBXTargetDependency;
			target = B8792A251BEB15CE00BE05ED /* OwlOrbit */;
			targetProxy = B8792A491BEB15CE00BE05ED /* PBXContainerItemProxy */;
		};
/* End PBXTargetDependency section */

/* Begin PBXVariantGroup section */
		B8792A351BEB15CE00BE05ED /* LaunchScreen.storyboard */ = {
			isa = PBXVariantGroup;
			children = (
				B8792A361BEB15CE00BE05ED /* Base */,
			);
			name = LaunchScreen.storyboard;
			sourceTree = "<group>";
		};
/* End PBXVariantGroup section */

/* Begin XCBuildConfiguration section */
		B8792A4F1BEB15CE00BE05ED /* Debug */ = {
			isa = XCBuildConfiguration;
			buildSettings = {
				ALWAYS_SEARCH_USER_PATHS = NO;
				CLANG_CXX_LANGUAGE_STANDARD = "gnu++0x";
				CLANG_CXX_LIBRARY = "libc++";
				CLANG_ENABLE_MODULES = YES;
				CLANG_ENABLE_OBJC_ARC = YES;
				CLANG_WARN_BOOL_CONVERSION = YES;
				CLANG_WARN_CONSTANT_CONVERSION = YES;
				CLANG_WARN_DIRECT_OBJC_ISA_USAGE = YES_ERROR;
				CLANG_WARN_EMPTY_BODY = YES;
				CLANG_WARN_ENUM_CONVERSION = YES;
				CLANG_WARN_INT_CONVERSION = YES;
				CLANG_WARN_OBJC_ROOT_CLASS = YES_ERROR;
				CLANG_WARN_UNREACHABLE_CODE = YES;
				CLANG_WARN__DUPLICATE_METHOD_MATCH = YES;
				"CODE_SIGN_IDENTITY[sdk=iphoneos*]" = "iPhone Developer";
				COPY_PHASE_STRIP = NO;
				DEBUG_INFORMATION_FORMAT = dwarf;
				ENABLE_STRICT_OBJC_MSGSEND = YES;
				ENABLE_TESTABILITY = YES;
				GCC_C_LANGUAGE_STANDARD = gnu99;
				GCC_DYNAMIC_NO_PIC = NO;
				GCC_NO_COMMON_BLOCKS = YES;
				GCC_OPTIMIZATION_LEVEL = 0;
				GCC_PREPROCESSOR_DEFINITIONS = (
					"DEBUG=1",
					"$(inherited)",
				);
				GCC_WARN_64_TO_32_BIT_CONVERSION = YES;
				GCC_WARN_ABOUT_RETURN_TYPE = YES_ERROR;
				GCC_WARN_UNDECLARED_SELECTOR = YES;
				GCC_WARN_UNINITIALIZED_AUTOS = YES_AGGRESSIVE;
				GCC_WARN_UNUSED_FUNCTION = YES;
				GCC_WARN_UNUSED_VARIABLE = YES;
				IPHONEOS_DEPLOYMENT_TARGET = 9.1;
				MTL_ENABLE_DEBUG_INFO = YES;
				ONLY_ACTIVE_ARCH = YES;
				SDKROOT = iphoneos;
				SWIFT_OPTIMIZATION_LEVEL = "-Onone";
				TARGETED_DEVICE_FAMILY = "1,2";
			};
			name = Debug;
		};
		B8792A501BEB15CE00BE05ED /* Release */ = {
			isa = XCBuildConfiguration;
			buildSettings = {
				ALWAYS_SEARCH_USER_PATHS = NO;
				CLANG_CXX_LANGUAGE_STANDARD = "gnu++0x";
				CLANG_CXX_LIBRARY = "libc++";
				CLANG_ENABLE_MODULES = YES;
				CLANG_ENABLE_OBJC_ARC = YES;
				CLANG_WARN_BOOL_CONVERSION = YES;
				CLANG_WARN_CONSTANT_CONVERSION = YES;
				CLANG_WARN_DIRECT_OBJC_ISA_USAGE = YES_ERROR;
				CLANG_WARN_EMPTY_BODY = YES;
				CLANG_WARN_ENUM_CONVERSION = YES;
				CLANG_WARN_INT_CONVERSION = YES;
				CLANG_WARN_OBJC_ROOT_CLASS = YES_ERROR;
				CLANG_WARN_UNREACHABLE_CODE = YES;
				CLANG_WARN__DUPLICATE_METHOD_MATCH = YES;
				"CODE_SIGN_IDENTITY[sdk=iphoneos*]" = "iPhone Developer";
				COPY_PHASE_STRIP = NO;
				DEBUG_INFORMATION_FORMAT = "dwarf-with-dsym";
				ENABLE_NS_ASSERTIONS = NO;
				ENABLE_STRICT_OBJC_MSGSEND = YES;
				GCC_C_LANGUAGE_STANDARD = gnu99;
				GCC_NO_COMMON_BLOCKS = YES;
				GCC_WARN_64_TO_32_BIT_CONVERSION = YES;
				GCC_WARN_ABOUT_RETURN_TYPE = YES_ERROR;
				GCC_WARN_UNDECLARED_SELECTOR = YES;
				GCC_WARN_UNINITIALIZED_AUTOS = YES_AGGRESSIVE;
				GCC_WARN_UNUSED_FUNCTION = YES;
				GCC_WARN_UNUSED_VARIABLE = YES;
				IPHONEOS_DEPLOYMENT_TARGET = 9.1;
				MTL_ENABLE_DEBUG_INFO = NO;
				SDKROOT = iphoneos;
				TARGETED_DEVICE_FAMILY = "1,2";
				VALIDATE_PRODUCT = YES;
			};
			name = Release;
		};
		B8792A521BEB15CE00BE05ED /* Debug */ = {
			isa = XCBuildConfiguration;
			baseConfigurationReference = 91601974A0D837B391AABADD /* Pods.debug.xcconfig */;
			buildSettings = {
				ASSETCATALOG_COMPILER_APPICON_NAME = AppIcon;
				CLANG_ENABLE_MODULES = YES;
				CODE_SIGN_IDENTITY = "iPhone Developer";
				"CODE_SIGN_IDENTITY[sdk=iphoneos*]" = "iPhone Developer";
				ENABLE_BITCODE = NO;
				FRAMEWORK_SEARCH_PATHS = (
					"$(inherited)",
					"$(PROJECT_DIR)/build/Debug-iphoneos",
				);
				INFOPLIST_FILE = Sift/Info.plist;
				LD_RUNPATH_SEARCH_PATHS = "$(inherited) @executable_path/Frameworks";
				PRODUCT_BUNDLE_IDENTIFIER = com.timnuwin.OwlOrbit;
				PRODUCT_NAME = "$(TARGET_NAME)";
				PROVISIONING_PROFILE = "";
				SWIFT_OBJC_BRIDGING_HEADER = "Sift/Sift-Bridging-Header.h";
				SWIFT_OPTIMIZATION_LEVEL = "-Onone";
				TARGETED_DEVICE_FAMILY = 1;
			};
			name = Debug;
		};
		B8792A531BEB15CE00BE05ED /* Release */ = {
			isa = XCBuildConfiguration;
			baseConfigurationReference = CB8EA66DDDFFE4703014D83B /* Pods.release.xcconfig */;
			buildSettings = {
				ASSETCATALOG_COMPILER_APPICON_NAME = AppIcon;
				CLANG_ENABLE_MODULES = YES;
				CODE_SIGN_IDENTITY = "iPhone Developer";
				"CODE_SIGN_IDENTITY[sdk=iphoneos*]" = "iPhone Developer";
				ENABLE_BITCODE = NO;
				FRAMEWORK_SEARCH_PATHS = (
					"$(inherited)",
					"$(PROJECT_DIR)/build/Debug-iphoneos",
				);
				INFOPLIST_FILE = Sift/Info.plist;
				LD_RUNPATH_SEARCH_PATHS = "$(inherited) @executable_path/Frameworks";
				PRODUCT_BUNDLE_IDENTIFIER = com.timnuwin.OwlOrbit;
				PRODUCT_NAME = "$(TARGET_NAME)";
				PROVISIONING_PROFILE = "";
				SWIFT_OBJC_BRIDGING_HEADER = "Sift/Sift-Bridging-Header.h";
				TARGETED_DEVICE_FAMILY = 1;
			};
			name = Release;
		};
		B8792A551BEB15CE00BE05ED /* Debug */ = {
			isa = XCBuildConfiguration;
			buildSettings = {
				BUNDLE_LOADER = "$(TEST_HOST)";
				INFOPLIST_FILE = SiftTests/Info.plist;
				LD_RUNPATH_SEARCH_PATHS = "$(inherited) @executable_path/Frameworks @loader_path/Frameworks";
				PRODUCT_BUNDLE_IDENTIFIER = com.timnuwin.SiftTests;
				PRODUCT_NAME = "$(TARGET_NAME)";
				TEST_HOST = "$(BUILT_PRODUCTS_DIR)/Owl Orbit.app/Owl Orbit";
			};
			name = Debug;
		};
		B8792A561BEB15CE00BE05ED /* Release */ = {
			isa = XCBuildConfiguration;
			buildSettings = {
				BUNDLE_LOADER = "$(TEST_HOST)";
				INFOPLIST_FILE = SiftTests/Info.plist;
				LD_RUNPATH_SEARCH_PATHS = "$(inherited) @executable_path/Frameworks @loader_path/Frameworks";
				PRODUCT_BUNDLE_IDENTIFIER = com.timnuwin.SiftTests;
				PRODUCT_NAME = "$(TARGET_NAME)";
				TEST_HOST = "$(BUILT_PRODUCTS_DIR)/Owl Orbit.app/Owl Orbit";
			};
			name = Release;
		};
		B8792A581BEB15CE00BE05ED /* Debug */ = {
			isa = XCBuildConfiguration;
			buildSettings = {
				INFOPLIST_FILE = SiftUITests/Info.plist;
				LD_RUNPATH_SEARCH_PATHS = "$(inherited) @executable_path/Frameworks @loader_path/Frameworks";
				PRODUCT_BUNDLE_IDENTIFIER = com.timnuwin.SiftUITests;
				PRODUCT_NAME = "$(TARGET_NAME)";
				TEST_TARGET_NAME = Sift;
				USES_XCTRUNNER = YES;
			};
			name = Debug;
		};
		B8792A591BEB15CE00BE05ED /* Release */ = {
			isa = XCBuildConfiguration;
			buildSettings = {
				INFOPLIST_FILE = SiftUITests/Info.plist;
				LD_RUNPATH_SEARCH_PATHS = "$(inherited) @executable_path/Frameworks @loader_path/Frameworks";
				PRODUCT_BUNDLE_IDENTIFIER = com.timnuwin.SiftUITests;
				PRODUCT_NAME = "$(TARGET_NAME)";
				TEST_TARGET_NAME = Sift;
				USES_XCTRUNNER = YES;
			};
			name = Release;
		};
/* End XCBuildConfiguration section */

/* Begin XCConfigurationList section */
		B8792A211BEB15CE00BE05ED /* Build configuration list for PBXProject "Owl Orbit" */ = {
			isa = XCConfigurationList;
			buildConfigurations = (
				B8792A4F1BEB15CE00BE05ED /* Debug */,
				B8792A501BEB15CE00BE05ED /* Release */,
			);
			defaultConfigurationIsVisible = 0;
			defaultConfigurationName = Release;
		};
		B8792A511BEB15CE00BE05ED /* Build configuration list for PBXNativeTarget "OwlOrbit" */ = {
			isa = XCConfigurationList;
			buildConfigurations = (
				B8792A521BEB15CE00BE05ED /* Debug */,
				B8792A531BEB15CE00BE05ED /* Release */,
			);
			defaultConfigurationIsVisible = 0;
			defaultConfigurationName = Release;
		};
		B8792A541BEB15CE00BE05ED /* Build configuration list for PBXNativeTarget "OwlOrbitTests" */ = {
			isa = XCConfigurationList;
			buildConfigurations = (
				B8792A551BEB15CE00BE05ED /* Debug */,
				B8792A561BEB15CE00BE05ED /* Release */,
			);
			defaultConfigurationIsVisible = 0;
			defaultConfigurationName = Release;
		};
		B8792A571BEB15CE00BE05ED /* Build configuration list for PBXNativeTarget "OwlOrbitUITests" */ = {
			isa = XCConfigurationList;
			buildConfigurations = (
				B8792A581BEB15CE00BE05ED /* Debug */,
				B8792A591BEB15CE00BE05ED /* Release */,
			);
			defaultConfigurationIsVisible = 0;
			defaultConfigurationName = Release;
		};
/* End XCConfigurationList section */

/* Begin XCVersionGroup section */
		B8792A301BEB15CE00BE05ED /* Sift.xcdatamodeld */ = {
			isa = XCVersionGroup;
			children = (
				B8792A311BEB15CE00BE05ED /* Sift.xcdatamodel */,
			);
			currentVersion = B8792A311BEB15CE00BE05ED /* Sift.xcdatamodel */;
			path = Sift.xcdatamodeld;
			sourceTree = "<group>";
			versionGroupType = wrapper.xcdatamodel;
		};
/* End XCVersionGroup section */
	};
	rootObject = B8792A1E1BEB15CD00BE05ED /* Project object */;
}
