PODS:
  - Alamofire (2.0.2)
  - IHKeyboardDismissing (1.1)
  - MBProgressHUD (0.9.1)

DEPENDENCIES:
  - Alamofire (~> 2.0)
  - IHKeyboardDismissing
  - MBProgressHUD

SPEC CHECKSUMS:
  Alamofire: 8edbab00802a752bb5240cc2abe70e7e881488ad
  IHKeyboardDismissing: 7c23d41da51ca22f6a1091b3cf852821a2461ac9
  MBProgressHUD: c47f2c166c126cf2ce36498d80f33e754d4e93ad

COCOAPODS: 0.39.0
