PODS:
  - Alamofire (3.1.2)
  - AlamofireImage (2.1.1):
    - Alamofire (~> 3.1)
  - ALThreeCircleSpinner (1.0.2)
  - ASImageResize (1.0.3)
  - Bolts/Tasks (1.6.0)
  - CTAssetsPickerController (3.2.1):
    - PureLayout (~> 3.0.0)
  - DZNEmptyDataSet (1.7.2)
  - IHKeyboardAvoiding (2.5)
  - IHKeyboardDismissing (1.1)
  - ImageCropView (1.0.1)
  - ImagePickerSheetController (0.9.1)
  - JSQMessagesViewController (7.2.0):
    - JSQSystemSoundPlayer (~> 2.0.1)
  - JSQSystemSoundPlayer (2.0.1)
  - MBProgressHUD (0.9.1)
  - Parse (1.12.0):
    - Bolts/Tasks (~> 1.5)
  - PureLayout (3.0.1)
  - RNCryptor (4.0.0)
  - SDWebImage (3.7.3):
    - SDWebImage/Core (= 3.7.3)
  - SDWebImage/Core (3.7.3)
  - SwiftDate (2.0.2)
  - SwiftyJSON (2.3.1)
  - TPKeyboardAvoiding (1.2.10)
  - UITextView+Placeholder (1.1.0)
  - ZSWRoundedImage (1.0)

DEPENDENCIES:
  - Alamofire (~> 3.1)
  - AlamofireImage (~> 2.0)
  - ALThreeCircleSpinner
  - ASImageResize
  - CTAssetsPickerController (~> 3.2.0)
  - DZNEmptyDataSet
  - IHKeyboardAvoiding
  - IHKeyboardDismissing
  - ImageCropView (~> 1.0)
  - ImagePickerSheetController
  - JSQMessagesViewController
  - MBProgressHUD
  - Parse
  - RNCryptor
  - SDWebImage
  - SwiftDate (~> 2.0)
  - SwiftyJSON (from `https://github.com/SwiftyJSON/SwiftyJSON.git`)
  - TPKeyboardAvoiding
  - UITextView+Placeholder
  - ZSWRoundedImage

EXTERNAL SOURCES:
  SwiftyJSON:
    :git: https://github.com/SwiftyJSON/SwiftyJSON.git

CHECKOUT OPTIONS:
  SwiftyJSON:
    :commit: 10f67900bdf2fb0faba3371249a6fefdcaa880c5
    :git: https://github.com/SwiftyJSON/SwiftyJSON.git

SPEC CHECKSUMS:
  Alamofire: 7c16ca65f3c7e681fd925fd7f2dec7747ff96855
  AlamofireImage: 31f7c4e9f516183e0ef2d2da18318de28a4628b8
  ALThreeCircleSpinner: 8bdd4e0d3d8a715b6fec50022911189bb63323af
  ASImageResize: c8ae8a2a7c57cbffbc39d756bc896f8384f0ca40
  Bolts: f52a250053bb517ca874523c3913776359ab3def
  CTAssetsPickerController: 629e3c452efe92627b6386f572fc4e2f31533880
  DZNEmptyDataSet: 0ec00bfc230d7450997b60c127afdd0b9f24f3b6
  IHKeyboardAvoiding: 8f14fed93405dd2c44ce070a26f780d9e477538c
  IHKeyboardDismissing: 7c23d41da51ca22f6a1091b3cf852821a2461ac9
  ImageCropView: cbe42a5c4c31677e3d7167f7fd00c63c30d20acf
  ImagePickerSheetController: 3c58c9fee6dcf36485222358a021f6b734f997ba
  JSQMessagesViewController: 73cab48aa92fc2d512f3b6724f3425cc47a19eb5
  JSQSystemSoundPlayer: c5850e77a4363ffd374cd851154b9af93264ed8d
  MBProgressHUD: c47f2c166c126cf2ce36498d80f33e754d4e93ad
  Parse: de2c52a9a1421b91ae7594ab8ce191afd184f19b
  PureLayout: f35f5384c9c4e4479df041dbe33ad7577b71ddfb
  RNCryptor: 59d6483908115af5c12b884db23392024e52a5fe
  SDWebImage: 1d2b1a1efda1ade1b00b6f8498865f8ddedc8a84
  SwiftDate: b4f4d0962afe48365ad2800c9850a6626deb9359
  SwiftyJSON: 592b53bee5ef3dd9b3bebc6b9cb7ee35426ae8c3
  TPKeyboardAvoiding: 614ebec846ec28b83d548769297fa5fb56468904
  UITextView+Placeholder: 672ce543356b5b5787f354415bc3b132d47f0362
  ZSWRoundedImage: 59341577264cd3c421fdc456bba3552e802f2fb1

COCOAPODS: 0.39.0
